{
  "version": 4,
  "terraform_version": "1.2.9",
  "serial": 271,
  "lineage": "6fbff5a4-75e8-3400-4f39-4c6fc9e2016d",
  "outputs": {},
  "resources": [
    {
      "mode": "managed",
      "type": "aws_key_pair",
      "name": "main_key_pair",
      "provider": "provider[\"registry.terraform.io/hashicorp/aws\"]",
      "instances": [
        {
          "schema_version": 1,
          "attributes": {
            "arn": "arn:aws:ec2:eu-west-1:609291635675:key-pair/lucas_iaas_key_pair",
            "fingerprint": "6a:58:d5:5f:d0:05:65:bd:d4:4a:bc:65:0f:95:99:2c",
            "id": "lucas_iaas_key_pair",
            "key_name": "lucas_iaas_key_pair",
            "key_name_prefix": "",
            "key_pair_id": "key-06a5258dbba879169",
            "key_type": "rsa",
            "public_key": "ssh-rsa AAAAB3NzaC1yc2EAAAADAQABAAACAQCz8tXeQX7I7B0AU1jB0KWRDrR4ld50fS7UTIMGOOiFKC/Vf82psvWkPlh6J3P8aEQBnTymQHPbWlHV+ImPUd86iIaRPxNXk9QOBu5p31viEh14wCLt2oM8ycB2bvAbtvYk2/sfA5KgGEWYJ6LIVRbuO87JAwCF/gM7vmgYTnkb/rJ9nU3sCcOlp1geSnFsq7qauUE/RF85nRgQ5oE8i50zqZmAGuYJVfbUuTUe4TLdV37WuQu//DlUNRLr/pSAvPvL+jqNHDASqX3Y23F14ACAy08Ov/Bs8yZSilpg910U8U8LYOyfsx7jJ2SPUydFxYNYD9Y/BvlPpGjXiSq/wAko6Xp02n5PaOMNhd9/slxNQXE47hh2/KWKvD1yFZqZywWQnHHeVX8Jep/zPTK++GkoBKYqI3Bn+t7FVipiouUHkexH87ryFMEshTN4A15DLnsKr+D0Ak8MnVCUC4NqyRBfG6EpOHD3ADi7aBgOBLR69aNcc/cJYNfHg4A9lZfOncxKLufr74wJex8kiI938vBzAQPi8ijiTds5BXs4GWRe70ngo28y8I8ldE883yEIVMOvt5f1yEkDckmi3eNiWglmz6lBrjpl5B8ek3WaDZ4/PAbM71mazh/fAfS6PgHAPTThmkos82p3gyBksi0s+F1lFGPlCRR0BqyBUtMr0y3WdQ==",
            "tags": null,
            "tags_all": {
              "owner": "lucas.campistron@fr.clara.net"
            }
          },
          "sensitive_attributes": [],
          "private": "eyJzY2hlbWFfdmVyc2lvbiI6IjEifQ==",
          "dependencies": [
            "tls_private_key.key_generated"
          ]
        }
      ]
    },
    {
      "mode": "managed",
      "type": "tls_private_key",
      "name": "key_generated",
      "provider": "provider[\"registry.terraform.io/hashicorp/tls\"]",
      "instances": [
        {
          "schema_version": 1,
          "attributes": {
            "algorithm": "RSA",
            "ecdsa_curve": "P224",
            "id": "b475332226941c9ac7335ec17e33ede61a7c5f2a",
            "private_key_openssh": "-----BEGIN OPENSSH PRIVATE KEY-----\nb3BlbnNzaC1rZXktdjEAAAAABG5vbmUAAAAEbm9uZQAAAAAAAAABAAACFwAAAAdz\nc2gtcnNhAAAAAwEAAQAAAgEAs/LV3kF+yOwdAFNYwdClkQ60eJXedH0u1EyDBjjo\nhSgv1X/NqbL1pD5Yeidz/GhEAZ08pkBz21pR1fiJj1HfOoiGkT8TV5PUDgbuad9b\n4hIdeMAi7dqDPMnAdm7wG7b2JNv7HwOSoBhFmCeiyFUW7jvOyQMAhf4DO75oGE55\nG/6yfZ1N7AnDpadYHkpxbKu6mrlBP0RfOZ0YEOaBPIudM6mZgBrmCVX21Lk1HuEy\n3Vd+1rkLv/w5VDUS6/6UgLz7y/o6jRwwEql92NtxdeAAgMtPDr/wbPMmUopaYPdd\nFPFPC2Dsn7Me4ydkj1MnRcWDWA/WPwb5T6Ro14kqv8AJKOl6dNp+T2jjDYXff7Jc\nTUFxOO4Ydvylirw9chWamcsFkJxx3lV/CXqf8z0yvvhpKASmKiNwZ/rexVYqYqLl\nB5HsR/O68hTBLIUzeANeQy57Cq/g9AJPDJ1QlAuDaskQXxuhKThw9wA4u2gYDgS0\nevWjXHP3CWDXx4OAPZWXzp3MSi7n6++MCXsfJIiPd/LwcwED4vIo4k3bOQV7OBlk\nXu9J4KNvMvCPJXRPPN8hCFTDr7eX9chJA3JJot3jYloJZs+pQa46ZeQfHpN1mg2e\nPzwGzO9Zms4f3wH0uj4BwD004ZpKLPNqd4MgZLItLPhdZRRj5QkUdAasgVLTK9Mt\n1nUAAAc4bEDtF2xA7RcAAAAHc3NoLXJzYQAAAgEAs/LV3kF+yOwdAFNYwdClkQ60\neJXedH0u1EyDBjjohSgv1X/NqbL1pD5Yeidz/GhEAZ08pkBz21pR1fiJj1HfOoiG\nkT8TV5PUDgbuad9b4hIdeMAi7dqDPMnAdm7wG7b2JNv7HwOSoBhFmCeiyFUW7jvO\nyQMAhf4DO75oGE55G/6yfZ1N7AnDpadYHkpxbKu6mrlBP0RfOZ0YEOaBPIudM6mZ\ngBrmCVX21Lk1HuEy3Vd+1rkLv/w5VDUS6/6UgLz7y/o6jRwwEql92NtxdeAAgMtP\nDr/wbPMmUopaYPddFPFPC2Dsn7Me4ydkj1MnRcWDWA/WPwb5T6Ro14kqv8AJKOl6\ndNp+T2jjDYXff7JcTUFxOO4Ydvylirw9chWamcsFkJxx3lV/CXqf8z0yvvhpKASm\nKiNwZ/rexVYqYqLlB5HsR/O68hTBLIUzeANeQy57Cq/g9AJPDJ1QlAuDaskQXxuh\nKThw9wA4u2gYDgS0evWjXHP3CWDXx4OAPZWXzp3MSi7n6++MCXsfJIiPd/LwcwED\n4vIo4k3bOQV7OBlkXu9J4KNvMvCPJXRPPN8hCFTDr7eX9chJA3JJot3jYloJZs+p\nQa46ZeQfHpN1mg2ePzwGzO9Zms4f3wH0uj4BwD004ZpKLPNqd4MgZLItLPhdZRRj\n5QkUdAasgVLTK9Mt1nUAAAADAQABAAACAQCbQYkEmb2p3Q2omkCZ+ErhPK6425Vz\nLA6bXOgvFiqHuISM0BfBsoX9j00HF8Mao1sJiYAqcLGFMAgrdKQ644iWF/UCnEkz\n5nevIovRDMVZ6AdFh4Cbd0yDxg4oIM9JGjKE2sdvmsWHG2nwPUJVVhTStwdSpyRs\ndxyTD1UAo7QaU0Xs2yu/2yzSX+/HMrNp70Cw/eUtkPAX5VI+QqJ+enbHfCzUOmD+\n7QxpvOH4IpSgJD1rRXy9yAAuhxwsQRofeO5Grz6VQRy4/UN3Nt5NtVa5yLANKc1m\nMuN9k6EmyEWnLAvm5VlC8GhV1EcO4c+ggykvcXqIJpwz+sX6MH6Rsj4ze+BpytM+\n64qbBct0tydH86prxU0Ufi7oZhS/p1TI9hyyLHAJQUNb/CYJL/daiYmw6IxvcUb4\n8g8RL9QGKI8G05YTkEwDQfcbBHAlvuFOObX+kjfsuDk29Qpv3sav7k5Krlwh81IJ\nu30eyG8fgaggGIr82v1fVvYL4BQUhEg2boziohb2IFQImfE9oyRlHQpZqcT9zcxu\nuTkg4kXkqHWZD9NbDWtdw2VgcPFEIqgrI3CE5RGNe8Nu6d9DpAq1Q5hA6IpRCOwf\nnv9xunWq7/JMSqZhoWIhSIhRhq6bug/79O4FdBVF0pxST5uTZDSuzXVJ43Qme/jK\nh+KYFm1dq0wEAQAAAQEAiTFxMADK8c4nE/nG/tWlYLI6xRSuh6RH/VmjKcvmDCqJ\n6AX24UVeyAWw5f6FoRuNQvjEbktLbIzllPNVYbqHqSR5qJDkS8JaE6SlLjNqM0Z7\n52FxFygKewQPsxBbOiWFtIpxB4b+vV5rFj8dW2MFiHjFgb4Edtq9NYwvcT+HXNWn\nY7a64Lq4BOxJpM9AGCq1XnwvHs3Qc+ORmxn7qz4+IOeRhbqwT0IwfBIlnucX1JqM\nFUvxJjiQFwKXoKGX4HjmeNHqWjGnW81yis+YTIZggDeVjrVmMk/rGkZdtRQ2qYAl\no2l70OHG11pRQeYLir/7wdAKvG+QW7ENRW9+cONH8AAAAQEA1orx6u8xeZJFWOmk\nCoqQx+HGWMpla9w9mWA6LmgzQHzWpp/Qznep0k9jm80aIHAMRDlEL4TR2nfSLH0l\nBcUA0i6dIPI0wbWsAeZsuj+pJ5U0TQwLe9z/RfQeUq2p27cB8i3WYaXA1IoVfF8y\nlzGhhdzmh7SIUahCnHplI/L68mrS8wKFadxpgZBR2wOdCAwDnqeg4yU3WISfQGCm\n2P91nXVtPl61AQ87jDOOaT1z3ZOHOCwdSAFP4KY4beT+tgntkP6WEdHMPKe0W59W\n63jCK+1TxElsjTxhW5128RKO057pOxh1CqGMpRZc4Wnze8zIpl3p8CbOWP0kN6d+\ne3GA7QAAAQEA1riTsNcTzIBqzLtaH1ytuFq25QU5EPz+OjPUY7MfpXSyGG+6JOOZ\n5ppswpJdH/Vd4OPhLqOuNTp1H6gSBVdx8nZa0ln2xx40eNG03r82X4tSzKLJA3La\nR5Aov/oNLteVrfu5ofez3SCMZaWNaELOIhH9gH8WxX2YgXacyeO6W4mqBLn444Vs\nxP61B8vanw0LCY5aBfxLdTr0oSStcBXNCzfJvR8S8tFRZMSouFUaIr5kFwHbDHIa\nOjZn9abEpPNtpqN0nW+EBFZzqa2G6TjGPYG66GbzYnT5vhmtvzC5JCTYfTU5Gucs\nu6Pgswam3CqC0bViLYEal5qlbpiI3dliqQAAAAAB\n-----END OPENSSH PRIVATE KEY-----\n",
            "private_key_pem": "-----BEGIN RSA PRIVATE KEY-----\nMIIJKgIBAAKCAgEAs/LV3kF+yOwdAFNYwdClkQ60eJXedH0u1EyDBjjohSgv1X/N\nqbL1pD5Yeidz/GhEAZ08pkBz21pR1fiJj1HfOoiGkT8TV5PUDgbuad9b4hIdeMAi\n7dqDPMnAdm7wG7b2JNv7HwOSoBhFmCeiyFUW7jvOyQMAhf4DO75oGE55G/6yfZ1N\n7AnDpadYHkpxbKu6mrlBP0RfOZ0YEOaBPIudM6mZgBrmCVX21Lk1HuEy3Vd+1rkL\nv/w5VDUS6/6UgLz7y/o6jRwwEql92NtxdeAAgMtPDr/wbPMmUopaYPddFPFPC2Ds\nn7Me4ydkj1MnRcWDWA/WPwb5T6Ro14kqv8AJKOl6dNp+T2jjDYXff7JcTUFxOO4Y\ndvylirw9chWamcsFkJxx3lV/CXqf8z0yvvhpKASmKiNwZ/rexVYqYqLlB5HsR/O6\n8hTBLIUzeANeQy57Cq/g9AJPDJ1QlAuDaskQXxuhKThw9wA4u2gYDgS0evWjXHP3\nCWDXx4OAPZWXzp3MSi7n6++MCXsfJIiPd/LwcwED4vIo4k3bOQV7OBlkXu9J4KNv\nMvCPJXRPPN8hCFTDr7eX9chJA3JJot3jYloJZs+pQa46ZeQfHpN1mg2ePzwGzO9Z\nms4f3wH0uj4BwD004ZpKLPNqd4MgZLItLPhdZRRj5QkUdAasgVLTK9Mt1nUCAwEA\nAQKCAgEAm0GJBJm9qd0NqJpAmfhK4TyuuNuVcywOm1zoLxYqh7iEjNAXwbKF/Y9N\nBxfDGqNbCYmAKnCxhTAIK3SkOuOIlhf1ApxJM+Z3ryKL0QzFWegHRYeAm3dMg8YO\nKCDPSRoyhNrHb5rFhxtp8D1CVVYU0rcHUqckbHcckw9VAKO0GlNF7Nsrv9ss0l/v\nxzKzae9AsP3lLZDwF+VSPkKifnp2x3ws1Dpg/u0Mabzh+CKUoCQ9a0V8vcgALocc\nLEEaH3juRq8+lUEcuP1DdzbeTbVWuciwDSnNZjLjfZOhJshFpywL5uVZQvBoVdRH\nDuHPoIMpL3F6iCacM/rF+jB+kbI+M3vgacrTPuuKmwXLdLcnR/Oqa8VNFH4u6GYU\nv6dUyPYcsixwCUFDW/wmCS/3WomJsOiMb3FG+PIPES/UBiiPBtOWE5BMA0H3GwRw\nJb7hTjm1/pI37Lg5NvUKb97Gr+5OSq5cIfNSCbt9HshvH4GoIBiK/Nr9X1b2C+AU\nFIRINm6M4qIW9iBUCJnxPaMkZR0KWanE/c3Mbrk5IOJF5Kh1mQ/TWw1rXcNlYHDx\nRCKoKyNwhOURjXvDbunfQ6QKtUOYQOiKUQjsH57/cbp1qu/yTEqmYaFiIUiIUYau\nm7oP+/TuBXQVRdKcUk+bk2Q0rs11SeN0Jnv4yofimBZtXatMBAECggEBANaK8erv\nMXmSRVjppAqKkMfhxljKZWvcPZlgOi5oM0B81qaf0M53qdJPY5vNGiBwDEQ5RC+E\n0dp30ix9JQXFANIunSDyNMG1rAHmbLo/qSeVNE0MC3vc/0X0HlKtqdu3AfIt1mGl\nwNSKFXxfMpcxoYXc5oe0iFGoQpx6ZSPy+vJq0vMChWncaYGQUdsDnQgMA56noOMl\nN1iEn0Bgptj/dZ11bT5etQEPO4wzjmk9c92ThzgsHUgBT+CmOG3k/rYJ7ZD+lhHR\nzDyntFufVut4wivtU8RJbI08YVuddvESjtOe6TsYdQqhjKUWXOFp83vMyKZd6fAm\nzlj9JDenfntxgO0CggEBANa4k7DXE8yAasy7Wh9crbhatuUFORD8/joz1GOzH6V0\nshhvuiTjmeaabMKSXR/1XeDj4S6jrjU6dR+oEgVXcfJ2WtJZ9sceNHjRtN6/Nl+L\nUsyiyQNy2keQKL/6DS7Xla37uaH3s90gjGWljWhCziIR/YB/FsV9mIF2nMnjuluJ\nqgS5+OOFbMT+tQfL2p8NCwmOWgX8S3U69KEkrXAVzQs3yb0fEvLRUWTEqLhVGiK+\nZBcB2wxyGjo2Z/WmxKTzbaajdJ1vhARWc6mthuk4xj2Buuhm82J0+b4Zrb8wuSQk\n2H01ORrnLLuj4LMGptwqgtG1Yi2BGpeapW6YiN3ZYqkCggEAX0CXQdBq7efkRCKP\ng2Kb/zKdZoSN3QKOks8nZb07rBEBGD9ybIiybD51IhJA3FADEjM+s75LkayLMtdp\nHZOm1qp9dsgyZiKruLg+Y76p8noLG34Shy7KY5uL7vdNp9Ar3AM/4GDAKV0ZRvvZ\nMUmGxjEaZPvhXifPUzwANaLGieSlveDLrQGAElcqEIwdJxp2bPVNuCuo0/Ml5WZE\nDan15S/ijcNsp4jEzm2Bd/YhwCmk6mqjoXl7pmkGOrxl3hqwUCTIKic0f2WR7O/k\nnm0iAHDBNS/IMziwnQVfbo7nvMscD/G+3TZ2hEFWgXoR8VAtcbfWipogGWBiuRbz\nUAlHzQKCAQEA1ombf4CWFqlkjGTRei52oJF61j8usoulU+//URJjF0UOwR25Biym\n0+MNsibdhxX5E798ecYvRJ3A8r1SLCYgAttAiZY73N2QHfuh1UGGCVbChxZK8/go\nooImRRKJY3kh47F026EMBHAF93W/YSIGpcIF4QKadP61hv1FUO8Jf3Z/+rL6PBJP\nCFFZ/Y0wReSZV5X02rAnkN00GWH1LN2Lfp7iIeVPYG/F/IIF9g+JypcimF5RSBEl\npW5A1xAmwI08zNfap4cJh+/9JtbrylDgugnJ/3UFzyUDd25ezH3ZLoTmDcxE312F\ns4Hc++M0ixyqku/BRagOMtXgXy1m6wrN6QKCAQEAiTFxMADK8c4nE/nG/tWlYLI6\nxRSuh6RH/VmjKcvmDCqJ6AX24UVeyAWw5f6FoRuNQvjEbktLbIzllPNVYbqHqSR5\nqJDkS8JaE6SlLjNqM0Z752FxFygKewQPsxBbOiWFtIpxB4b+vV5rFj8dW2MFiHjF\ngb4Edtq9NYwvcT+HXNWnY7a64Lq4BOxJpM9AGCq1XnwvHs3Qc+ORmxn7qz4+IOeR\nhbqwT0IwfBIlnucX1JqMFUvxJjiQFwKXoKGX4HjmeNHqWjGnW81yis+YTIZggDeV\njrVmMk/rGkZdtRQ2qYAlo2l70OHG11pRQeYLir/7wdAKvG+QW7ENRW9+cONH8A==\n-----END RSA PRIVATE KEY-----\n",
            "private_key_pem_pkcs8": "-----BEGIN PRIVATE KEY-----\nMIIJRAIBADANBgkqhkiG9w0BAQEFAASCCS4wggkqAgEAAoICAQCz8tXeQX7I7B0A\nU1jB0KWRDrR4ld50fS7UTIMGOOiFKC/Vf82psvWkPlh6J3P8aEQBnTymQHPbWlHV\n+ImPUd86iIaRPxNXk9QOBu5p31viEh14wCLt2oM8ycB2bvAbtvYk2/sfA5KgGEWY\nJ6LIVRbuO87JAwCF/gM7vmgYTnkb/rJ9nU3sCcOlp1geSnFsq7qauUE/RF85nRgQ\n5oE8i50zqZmAGuYJVfbUuTUe4TLdV37WuQu//DlUNRLr/pSAvPvL+jqNHDASqX3Y\n23F14ACAy08Ov/Bs8yZSilpg910U8U8LYOyfsx7jJ2SPUydFxYNYD9Y/BvlPpGjX\niSq/wAko6Xp02n5PaOMNhd9/slxNQXE47hh2/KWKvD1yFZqZywWQnHHeVX8Jep/z\nPTK++GkoBKYqI3Bn+t7FVipiouUHkexH87ryFMEshTN4A15DLnsKr+D0Ak8MnVCU\nC4NqyRBfG6EpOHD3ADi7aBgOBLR69aNcc/cJYNfHg4A9lZfOncxKLufr74wJex8k\niI938vBzAQPi8ijiTds5BXs4GWRe70ngo28y8I8ldE883yEIVMOvt5f1yEkDckmi\n3eNiWglmz6lBrjpl5B8ek3WaDZ4/PAbM71mazh/fAfS6PgHAPTThmkos82p3gyBk\nsi0s+F1lFGPlCRR0BqyBUtMr0y3WdQIDAQABAoICAQCbQYkEmb2p3Q2omkCZ+Erh\nPK6425VzLA6bXOgvFiqHuISM0BfBsoX9j00HF8Mao1sJiYAqcLGFMAgrdKQ644iW\nF/UCnEkz5nevIovRDMVZ6AdFh4Cbd0yDxg4oIM9JGjKE2sdvmsWHG2nwPUJVVhTS\ntwdSpyRsdxyTD1UAo7QaU0Xs2yu/2yzSX+/HMrNp70Cw/eUtkPAX5VI+QqJ+enbH\nfCzUOmD+7QxpvOH4IpSgJD1rRXy9yAAuhxwsQRofeO5Grz6VQRy4/UN3Nt5NtVa5\nyLANKc1mMuN9k6EmyEWnLAvm5VlC8GhV1EcO4c+ggykvcXqIJpwz+sX6MH6Rsj4z\ne+BpytM+64qbBct0tydH86prxU0Ufi7oZhS/p1TI9hyyLHAJQUNb/CYJL/daiYmw\n6IxvcUb48g8RL9QGKI8G05YTkEwDQfcbBHAlvuFOObX+kjfsuDk29Qpv3sav7k5K\nrlwh81IJu30eyG8fgaggGIr82v1fVvYL4BQUhEg2boziohb2IFQImfE9oyRlHQpZ\nqcT9zcxuuTkg4kXkqHWZD9NbDWtdw2VgcPFEIqgrI3CE5RGNe8Nu6d9DpAq1Q5hA\n6IpRCOwfnv9xunWq7/JMSqZhoWIhSIhRhq6bug/79O4FdBVF0pxST5uTZDSuzXVJ\n43Qme/jKh+KYFm1dq0wEAQKCAQEA1orx6u8xeZJFWOmkCoqQx+HGWMpla9w9mWA6\nLmgzQHzWpp/Qznep0k9jm80aIHAMRDlEL4TR2nfSLH0lBcUA0i6dIPI0wbWsAeZs\nuj+pJ5U0TQwLe9z/RfQeUq2p27cB8i3WYaXA1IoVfF8ylzGhhdzmh7SIUahCnHpl\nI/L68mrS8wKFadxpgZBR2wOdCAwDnqeg4yU3WISfQGCm2P91nXVtPl61AQ87jDOO\naT1z3ZOHOCwdSAFP4KY4beT+tgntkP6WEdHMPKe0W59W63jCK+1TxElsjTxhW512\n8RKO057pOxh1CqGMpRZc4Wnze8zIpl3p8CbOWP0kN6d+e3GA7QKCAQEA1riTsNcT\nzIBqzLtaH1ytuFq25QU5EPz+OjPUY7MfpXSyGG+6JOOZ5ppswpJdH/Vd4OPhLqOu\nNTp1H6gSBVdx8nZa0ln2xx40eNG03r82X4tSzKLJA3LaR5Aov/oNLteVrfu5ofez\n3SCMZaWNaELOIhH9gH8WxX2YgXacyeO6W4mqBLn444VsxP61B8vanw0LCY5aBfxL\ndTr0oSStcBXNCzfJvR8S8tFRZMSouFUaIr5kFwHbDHIaOjZn9abEpPNtpqN0nW+E\nBFZzqa2G6TjGPYG66GbzYnT5vhmtvzC5JCTYfTU5Gucsu6Pgswam3CqC0bViLYEa\nl5qlbpiI3dliqQKCAQBfQJdB0Grt5+REIo+DYpv/Mp1mhI3dAo6SzydlvTusEQEY\nP3JsiLJsPnUiEkDcUAMSMz6zvkuRrIsy12kdk6bWqn12yDJmIqu4uD5jvqnyegsb\nfhKHLspjm4vu902n0CvcAz/gYMApXRlG+9kxSYbGMRpk++FeJ89TPAA1osaJ5KW9\n4MutAYASVyoQjB0nGnZs9U24K6jT8yXlZkQNqfXlL+KNw2yniMTObYF39iHAKaTq\naqOheXumaQY6vGXeGrBQJMgqJzR/ZZHs7+SebSIAcME1L8gzOLCdBV9ujue8yxwP\n8b7dNnaEQVaBehHxUC1xt9aKmiAZYGK5FvNQCUfNAoIBAQDWiZt/gJYWqWSMZNF6\nLnagkXrWPy6yi6VT7/9REmMXRQ7BHbkGLKbT4w2yJt2HFfkTv3x5xi9EncDyvVIs\nJiAC20CJljvc3ZAd+6HVQYYJVsKHFkrz+CiigiZFEoljeSHjsXTboQwEcAX3db9h\nIgalwgXhApp0/rWG/UVQ7wl/dn/6svo8Ek8IUVn9jTBF5JlXlfTasCeQ3TQZYfUs\n3Yt+nuIh5U9gb8X8ggX2D4nKlyKYXlFIESWlbkDXECbAjTzM19qnhwmH7/0m1uvK\nUOC6Ccn/dQXPJQN3bl7MfdkuhOYNzETfXYWzgdz74zSLHKqS78FFqA4y1eBfLWbr\nCs3pAoIBAQCJMXEwAMrxzicT+cb+1aVgsjrFFK6HpEf9WaMpy+YMKonoBfbhRV7I\nBbDl/oWhG41C+MRuS0tsjOWU81VhuoepJHmokORLwloTpKUuM2ozRnvnYXEXKAp7\nBA+zEFs6JYW0inEHhv69XmsWPx1bYwWIeMWBvgR22r01jC9xP4dc1adjtrrgurgE\n7Emkz0AYKrVefC8ezdBz45GbGfurPj4g55GFurBPQjB8EiWe5xfUmowVS/EmOJAX\nApegoZfgeOZ40epaMadbzXKKz5hMhmCAN5WOtWYyT+saRl21FDapgCWjaXvQ4cbX\nWlFB5guKv/vB0Aq8b5BbsQ1Fb35w40fw\n-----END PRIVATE KEY-----\n",
            "public_key_fingerprint_md5": "bb:25:50:f6:b0:3d:07:11:97:89:47:4e:c3:92:d2:97",
            "public_key_fingerprint_sha256": "SHA256:XAcN+XssVyAHbKLcLbvPCydDdrQ2BYfL/lrpGvIgJVQ",
            "public_key_openssh": "ssh-rsa AAAAB3NzaC1yc2EAAAADAQABAAACAQCz8tXeQX7I7B0AU1jB0KWRDrR4ld50fS7UTIMGOOiFKC/Vf82psvWkPlh6J3P8aEQBnTymQHPbWlHV+ImPUd86iIaRPxNXk9QOBu5p31viEh14wCLt2oM8ycB2bvAbtvYk2/sfA5KgGEWYJ6LIVRbuO87JAwCF/gM7vmgYTnkb/rJ9nU3sCcOlp1geSnFsq7qauUE/RF85nRgQ5oE8i50zqZmAGuYJVfbUuTUe4TLdV37WuQu//DlUNRLr/pSAvPvL+jqNHDASqX3Y23F14ACAy08Ov/Bs8yZSilpg910U8U8LYOyfsx7jJ2SPUydFxYNYD9Y/BvlPpGjXiSq/wAko6Xp02n5PaOMNhd9/slxNQXE47hh2/KWKvD1yFZqZywWQnHHeVX8Jep/zPTK++GkoBKYqI3Bn+t7FVipiouUHkexH87ryFMEshTN4A15DLnsKr+D0Ak8MnVCUC4NqyRBfG6EpOHD3ADi7aBgOBLR69aNcc/cJYNfHg4A9lZfOncxKLufr74wJex8kiI938vBzAQPi8ijiTds5BXs4GWRe70ngo28y8I8ldE883yEIVMOvt5f1yEkDckmi3eNiWglmz6lBrjpl5B8ek3WaDZ4/PAbM71mazh/fAfS6PgHAPTThmkos82p3gyBksi0s+F1lFGPlCRR0BqyBUtMr0y3WdQ==\n",
            "public_key_pem": "-----BEGIN PUBLIC KEY-----\nMIICIjANBgkqhkiG9w0BAQEFAAOCAg8AMIICCgKCAgEAs/LV3kF+yOwdAFNYwdCl\nkQ60eJXedH0u1EyDBjjohSgv1X/NqbL1pD5Yeidz/GhEAZ08pkBz21pR1fiJj1Hf\nOoiGkT8TV5PUDgbuad9b4hIdeMAi7dqDPMnAdm7wG7b2JNv7HwOSoBhFmCeiyFUW\n7jvOyQMAhf4DO75oGE55G/6yfZ1N7AnDpadYHkpxbKu6mrlBP0RfOZ0YEOaBPIud\nM6mZgBrmCVX21Lk1HuEy3Vd+1rkLv/w5VDUS6/6UgLz7y/o6jRwwEql92NtxdeAA\ngMtPDr/wbPMmUopaYPddFPFPC2Dsn7Me4ydkj1MnRcWDWA/WPwb5T6Ro14kqv8AJ\nKOl6dNp+T2jjDYXff7JcTUFxOO4Ydvylirw9chWamcsFkJxx3lV/CXqf8z0yvvhp\nKASmKiNwZ/rexVYqYqLlB5HsR/O68hTBLIUzeANeQy57Cq/g9AJPDJ1QlAuDaskQ\nXxuhKThw9wA4u2gYDgS0evWjXHP3CWDXx4OAPZWXzp3MSi7n6++MCXsfJIiPd/Lw\ncwED4vIo4k3bOQV7OBlkXu9J4KNvMvCPJXRPPN8hCFTDr7eX9chJA3JJot3jYloJ\nZs+pQa46ZeQfHpN1mg2ePzwGzO9Zms4f3wH0uj4BwD004ZpKLPNqd4MgZLItLPhd\nZRRj5QkUdAasgVLTK9Mt1nUCAwEAAQ==\n-----END PUBLIC KEY-----\n",
            "rsa_bits": 4096
          },
          "sensitive_attributes": []
        }
      ]
    },
    {
      "module": "module.support_vpc",
      "mode": "managed",
      "type": "aws_iam_instance_profile",
      "name": "iam_bastion_profil",
      "provider": "provider[\"registry.terraform.io/hashicorp/aws\"]",
      "instances": [
        {
          "schema_version": 0,
          "attributes": {
            "arn": "arn:aws:iam::609291635675:instance-profile/Bastion_IAM_profil",
            "create_date": "2022-10-12T10:05:13Z",
            "id": "Bastion_IAM_profil",
            "name": "Bastion_IAM_profil",
            "name_prefix": null,
            "path": "/",
            "role": "bastion_role",
            "tags": null,
            "tags_all": {
              "owner": "lucas.campistron@fr.clara.net"
            },
            "unique_id": "AIPAY3XE4RPN7FZIPXXBT"
          },
          "sensitive_attributes": [],
          "private": "bnVsbA==",
          "dependencies": [
            "module.support_vpc.aws_iam_role.bastion_role"
          ]
        }
      ]
    },
    {
      "module": "module.support_vpc",
      "mode": "managed",
      "type": "aws_iam_policy",
      "name": "bastion_policy",
      "provider": "provider[\"registry.terraform.io/hashicorp/aws\"]",
      "instances": [
        {
          "schema_version": 0,
          "attributes": {
            "arn": "arn:aws:iam::609291635675:policy/Bastion_Policy",
            "description": "",
            "id": "arn:aws:iam::609291635675:policy/Bastion_Policy",
            "name": "Bastion_Policy",
            "name_prefix": null,
            "path": "/",
            "policy": "{\"Statement\":[{\"Action\":\"*\",\"Effect\":\"Allow\",\"Resource\":\"*\"}],\"Version\":\"2012-10-17\"}",
            "policy_id": "ANPAY3XE4RPNSSVLBPPXR",
            "tags": null,
            "tags_all": {
              "owner": "lucas.campistron@fr.clara.net"
            }
          },
          "sensitive_attributes": [],
          "private": "bnVsbA=="
        }
      ]
    },
    {
      "module": "module.support_vpc",
      "mode": "managed",
      "type": "aws_iam_policy_attachment",
      "name": "attach_bastion_iam_policy",
      "provider": "provider[\"registry.terraform.io/hashicorp/aws\"]",
      "instances": [
        {
          "schema_version": 0,
          "attributes": {
            "groups": null,
            "id": "Attach_Bastion_IAM_Policy",
            "name": "Attach_Bastion_IAM_Policy",
            "policy_arn": "arn:aws:iam::609291635675:policy/Bastion_Policy",
            "roles": [
              "bastion_role"
            ],
            "users": null
          },
          "sensitive_attributes": [],
          "private": "bnVsbA==",
          "dependencies": [
            "module.support_vpc.aws_iam_policy.bastion_policy",
            "module.support_vpc.aws_iam_role.bastion_role"
          ]
        }
      ]
    },
    {
      "module": "module.support_vpc",
      "mode": "managed",
      "type": "aws_iam_role",
      "name": "bastion_role",
      "provider": "provider[\"registry.terraform.io/hashicorp/aws\"]",
      "instances": [
        {
          "schema_version": 0,
          "attributes": {
            "arn": "arn:aws:iam::609291635675:role/bastion_role",
            "assume_role_policy": "{\"Statement\":[{\"Action\":\"sts:AssumeRole\",\"Effect\":\"Allow\",\"Principal\":{\"Service\":\"ec2.amazonaws.com\"},\"Sid\":\"\"}],\"Version\":\"2012-10-17\"}",
            "create_date": "2022-10-12T10:05:12Z",
            "description": "",
            "force_detach_policies": false,
            "id": "bastion_role",
            "inline_policy": [],
            "managed_policy_arns": [],
            "max_session_duration": 3600,
            "name": "bastion_role",
            "name_prefix": "",
            "path": "/",
            "permissions_boundary": null,
            "tags": null,
            "tags_all": {
              "owner": "lucas.campistron@fr.clara.net"
            },
            "unique_id": "AROAY3XE4RPN4XJM45W5J"
          },
          "sensitive_attributes": [],
          "private": "bnVsbA=="
        }
      ]
    },
    {
      "module": "module.support_vpc",
      "mode": "managed",
      "type": "aws_internet_gateway",
      "name": "vpc_ig",
      "provider": "provider[\"registry.terraform.io/hashicorp/aws\"]",
      "instances": [
        {
          "schema_version": 0,
          "attributes": {
            "arn": "arn:aws:ec2:eu-west-1:609291635675:internet-gateway/igw-0fc8c243c51adbf1e",
            "id": "igw-0fc8c243c51adbf1e",
            "owner_id": "609291635675",
            "tags": {
              "Name": "support VPC internet gateway"
            },
            "tags_all": {
              "Name": "support VPC internet gateway",
              "owner": "lucas.campistron@fr.clara.net"
            },
            "timeouts": null,
            "vpc_id": "vpc-0baf1dee1d0813f7e"
          },
          "sensitive_attributes": [],
          "private": "eyJlMmJmYjczMC1lY2FhLTExZTYtOGY4OC0zNDM2M2JjN2M0YzAiOnsiY3JlYXRlIjoxMjAwMDAwMDAwMDAwLCJkZWxldGUiOjEyMDAwMDAwMDAwMDAsInVwZGF0ZSI6MTIwMDAwMDAwMDAwMH19",
          "dependencies": [
            "module.support_vpc.aws_vpc.vpc"
          ]
        }
      ]
    },
    {
      "module": "module.support_vpc",
      "mode": "managed",
      "type": "aws_main_route_table_association",
      "name": "main_route_association",
      "provider": "provider[\"registry.terraform.io/hashicorp/aws\"]",
      "instances": [
        {
          "schema_version": 0,
          "attributes": {
            "id": "rtbassoc-08b44b9d369e73768",
            "original_route_table_id": "rtb-0838a243d9f23a3c6",
            "route_table_id": "rtb-0b08ff1c3efa8292d",
            "vpc_id": "vpc-0baf1dee1d0813f7e"
          },
          "sensitive_attributes": [],
          "private": "bnVsbA==",
          "dependencies": [
            "module.support_vpc.aws_route_table.vpc_route_table",
            "module.support_vpc.aws_vpc.vpc"
          ]
        }
      ]
    },
    {
      "module": "module.support_vpc",
      "mode": "managed",
      "type": "aws_route",
      "name": "public_route",
      "provider": "provider[\"registry.terraform.io/hashicorp/aws\"]",
      "instances": [
        {
          "schema_version": 0,
          "attributes": {
            "carrier_gateway_id": "",
            "core_network_arn": "",
            "destination_cidr_block": "0.0.0.0/0",
            "destination_ipv6_cidr_block": "",
            "destination_prefix_list_id": "",
            "egress_only_gateway_id": "",
            "gateway_id": "igw-0fc8c243c51adbf1e",
            "id": "r-rtb-0b08ff1c3efa8292d1080289494",
            "instance_id": "",
            "instance_owner_id": "",
            "local_gateway_id": "",
            "nat_gateway_id": "",
            "network_interface_id": "",
            "origin": "CreateRoute",
            "route_table_id": "rtb-0b08ff1c3efa8292d",
            "state": "active",
            "timeouts": null,
            "transit_gateway_id": "",
            "vpc_endpoint_id": "",
            "vpc_peering_connection_id": ""
          },
          "sensitive_attributes": [],
          "private": "eyJlMmJmYjczMC1lY2FhLTExZTYtOGY4OC0zNDM2M2JjN2M0YzAiOnsiY3JlYXRlIjozMDAwMDAwMDAwMDAsImRlbGV0ZSI6MzAwMDAwMDAwMDAwLCJ1cGRhdGUiOjEyMDAwMDAwMDAwMH19",
          "dependencies": [
            "module.support_vpc.aws_internet_gateway.vpc_ig",
            "module.support_vpc.aws_route_table.vpc_route_table",
            "module.support_vpc.aws_vpc.vpc"
          ]
        }
      ]
    },
    {
      "module": "module.support_vpc",
      "mode": "managed",
      "type": "aws_route53_zone",
      "name": "private_dns_zone",
      "provider": "provider[\"registry.terraform.io/hashicorp/aws\"]",
      "instances": [
        {
          "schema_version": 0,
          "attributes": {
            "arn": "arn:aws:route53:::hostedzone/Z0820154UI37BN348FQE",
            "comment": "Managed by Terraform",
            "delegation_set_id": "",
            "force_destroy": false,
            "id": "Z0820154UI37BN348FQE",
            "name": "support-vpc-lucas.com",
            "name_servers": [
              "ns-0.awsdns-00.com.",
              "ns-1024.awsdns-00.org.",
              "ns-1536.awsdns-00.co.uk.",
              "ns-512.awsdns-00.net."
            ],
            "tags": null,
            "tags_all": {
              "owner": "lucas.campistron@fr.clara.net"
            },
            "vpc": [
              {
                "vpc_id": "vpc-0baf1dee1d0813f7e",
                "vpc_region": "eu-west-1"
              }
            ],
            "zone_id": "Z0820154UI37BN348FQE"
          },
          "sensitive_attributes": [],
          "private": "bnVsbA==",
          "dependencies": [
            "module.support_vpc.aws_vpc.vpc"
          ]
        }
      ]
    },
    {
      "module": "module.support_vpc",
      "mode": "managed",
      "type": "aws_route_table",
      "name": "vpc_route_table",
      "provider": "provider[\"registry.terraform.io/hashicorp/aws\"]",
      "instances": [
        {
          "schema_version": 0,
          "attributes": {
            "arn": "arn:aws:ec2:eu-west-1:609291635675:route-table/rtb-0b08ff1c3efa8292d",
            "id": "rtb-0b08ff1c3efa8292d",
            "owner_id": "609291635675",
            "propagating_vgws": [],
            "route": [],
            "tags": null,
            "tags_all": {
              "owner": "lucas.campistron@fr.clara.net"
            },
            "timeouts": null,
            "vpc_id": "vpc-0baf1dee1d0813f7e"
          },
          "sensitive_attributes": [],
          "private": "eyJlMmJmYjczMC1lY2FhLTExZTYtOGY4OC0zNDM2M2JjN2M0YzAiOnsiY3JlYXRlIjozMDAwMDAwMDAwMDAsImRlbGV0ZSI6MzAwMDAwMDAwMDAwLCJ1cGRhdGUiOjEyMDAwMDAwMDAwMH19",
          "dependencies": [
            "module.support_vpc.aws_vpc.vpc"
          ]
        }
      ]
    },
    {
      "module": "module.support_vpc",
      "mode": "managed",
      "type": "aws_security_group",
      "name": "main_sg",
      "provider": "provider[\"registry.terraform.io/hashicorp/aws\"]",
      "instances": [
        {
          "schema_version": 1,
          "attributes": {
            "arn": "arn:aws:ec2:eu-west-1:609291635675:security-group/sg-02019445b4864715d",
            "description": "Managed by Terraform",
            "egress": [
              {
                "cidr_blocks": [
                  "0.0.0.0/0"
                ],
                "description": "",
                "from_port": 0,
                "ipv6_cidr_blocks": [
                  "::/0"
                ],
                "prefix_list_ids": [],
                "protocol": "-1",
                "security_groups": [],
                "self": false,
                "to_port": 0
              }
            ],
            "id": "sg-02019445b4864715d",
            "ingress": [
              {
                "cidr_blocks": [
                  "0.0.0.0/0"
                ],
                "description": "",
                "from_port": 22,
                "ipv6_cidr_blocks": [
                  "::/0"
                ],
                "prefix_list_ids": [],
                "protocol": "tcp",
                "security_groups": [],
                "self": false,
                "to_port": 22
              }
            ],
            "name": "main_sg",
            "name_prefix": "",
            "owner_id": "609291635675",
            "revoke_rules_on_delete": false,
            "tags": null,
            "tags_all": {
              "owner": "lucas.campistron@fr.clara.net"
            },
            "timeouts": null,
            "vpc_id": "vpc-0baf1dee1d0813f7e"
          },
          "sensitive_attributes": [],
          "private": "eyJlMmJmYjczMC1lY2FhLTExZTYtOGY4OC0zNDM2M2JjN2M0YzAiOnsiY3JlYXRlIjo2MDAwMDAwMDAwMDAsImRlbGV0ZSI6OTAwMDAwMDAwMDAwfSwic2NoZW1hX3ZlcnNpb24iOiIxIn0=",
          "dependencies": [
            "module.support_vpc.aws_vpc.vpc"
          ]
        }
      ]
    },
    {
      "module": "module.support_vpc",
      "mode": "managed",
      "type": "aws_subnet",
      "name": "public_subnet",
      "provider": "provider[\"registry.terraform.io/hashicorp/aws\"]",
      "instances": [
        {
          "index_key": 0,
          "schema_version": 1,
          "attributes": {
            "arn": "arn:aws:ec2:eu-west-1:609291635675:subnet/subnet-0f6bc10cb479bb13f",
            "assign_ipv6_address_on_creation": false,
            "availability_zone": "eu-west-1b",
            "availability_zone_id": "euw1-az3",
            "cidr_block": "10.0.1.0/24",
            "customer_owned_ipv4_pool": "",
            "enable_dns64": false,
            "enable_resource_name_dns_a_record_on_launch": false,
            "enable_resource_name_dns_aaaa_record_on_launch": false,
            "id": "subnet-0f6bc10cb479bb13f",
            "ipv6_cidr_block": "",
            "ipv6_cidr_block_association_id": "",
            "ipv6_native": false,
            "map_customer_owned_ip_on_launch": false,
            "map_public_ip_on_launch": false,
            "outpost_arn": "",
            "owner_id": "609291635675",
            "private_dns_hostname_type_on_launch": "ip-name",
            "tags": {
              "Name": "support public subnet"
            },
            "tags_all": {
              "Name": "support public subnet",
              "owner": "lucas.campistron@fr.clara.net"
            },
            "timeouts": null,
            "vpc_id": "vpc-0baf1dee1d0813f7e"
          },
          "sensitive_attributes": [],
          "private": "eyJlMmJmYjczMC1lY2FhLTExZTYtOGY4OC0zNDM2M2JjN2M0YzAiOnsiY3JlYXRlIjo2MDAwMDAwMDAwMDAsImRlbGV0ZSI6MTIwMDAwMDAwMDAwMH0sInNjaGVtYV92ZXJzaW9uIjoiMSJ9",
          "dependencies": [
            "module.support_vpc.aws_vpc.vpc"
          ]
        }
      ]
    },
    {
      "module": "module.support_vpc",
      "mode": "managed",
      "type": "aws_vpc",
      "name": "vpc",
      "provider": "provider[\"registry.terraform.io/hashicorp/aws\"]",
      "instances": [
        {
          "schema_version": 1,
          "attributes": {
            "arn": "arn:aws:ec2:eu-west-1:609291635675:vpc/vpc-0baf1dee1d0813f7e",
            "assign_generated_ipv6_cidr_block": false,
            "cidr_block": "10.0.0.0/16",
            "default_network_acl_id": "acl-0f1180a23e65d7572",
            "default_route_table_id": "rtb-0838a243d9f23a3c6",
            "default_security_group_id": "sg-00c5dcd3c8d7b6f9c",
            "dhcp_options_id": "dopt-40fed526",
            "enable_classiclink": false,
            "enable_classiclink_dns_support": false,
            "enable_dns_hostnames": false,
            "enable_dns_support": true,
            "id": "vpc-0baf1dee1d0813f7e",
            "instance_tenancy": "default",
            "ipv4_ipam_pool_id": null,
            "ipv4_netmask_length": null,
            "ipv6_association_id": "",
            "ipv6_cidr_block": "",
            "ipv6_cidr_block_network_border_group": "",
            "ipv6_ipam_pool_id": "",
            "ipv6_netmask_length": 0,
            "main_route_table_id": "rtb-0838a243d9f23a3c6",
            "owner_id": "609291635675",
            "tags": {
              "Name": "support VPC"
            },
            "tags_all": {
              "Name": "support VPC",
              "owner": "lucas.campistron@fr.clara.net"
            }
          },
          "sensitive_attributes": [],
          "private": "eyJzY2hlbWFfdmVyc2lvbiI6IjEifQ=="
        }
      ]
    },
    {
      "module": "module.support_vpc.module.private_asg",
      "mode": "data",
      "type": "aws_ami",
      "name": "asg_launch_ami",
      "provider": "provider[\"registry.terraform.io/hashicorp/aws\"]",
      "instances": [
        {
          "schema_version": 0,
          "attributes": {
            "architecture": "x86_64",
            "arn": "arn:aws:ec2:eu-west-1::image/ami-0aca9de1791dcec2a",
            "block_device_mappings": [
              {
                "device_name": "/dev/xvda",
                "ebs": {
                  "delete_on_termination": "true",
                  "encrypted": "false",
                  "iops": "0",
                  "snapshot_id": "snap-0a0b47bc13adce6ec",
                  "throughput": "0",
                  "volume_size": "8",
                  "volume_type": "gp2"
                },
                "no_device": "",
                "virtual_name": ""
              }
            ],
            "boot_mode": "",
            "creation_date": "2022-09-11T18:43:45.000Z",
            "deprecation_time": "2024-09-11T18:43:45.000Z",
            "description": "Debian 11 (20220911-1135)",
            "ena_support": true,
            "executable_users": null,
            "filter": [
              {
                "name": "name",
                "values": [
                  "debian-11-amd64-*"
                ]
              }
            ],
            "hypervisor": "xen",
            "id": "ami-0aca9de1791dcec2a",
            "image_id": "ami-0aca9de1791dcec2a",
            "image_location": "amazon/debian-11-amd64-20220911-1135",
            "image_owner_alias": "amazon",
            "image_type": "machine",
            "imds_support": "",
            "include_deprecated": false,
            "kernel_id": "",
            "most_recent": true,
            "name": "debian-11-amd64-20220911-1135",
            "name_regex": null,
            "owner_id": "136693071363",
            "owners": [
              "136693071363"
            ],
            "platform": "",
            "platform_details": "Linux/UNIX",
            "product_codes": [],
            "public": true,
            "ramdisk_id": "",
            "root_device_name": "/dev/xvda",
            "root_device_type": "ebs",
            "root_snapshot_id": "snap-0a0b47bc13adce6ec",
            "sriov_net_support": "simple",
            "state": "available",
            "state_reason": {
              "code": "UNSET",
              "message": "UNSET"
            },
            "tags": {},
            "timeouts": null,
            "tpm_support": "",
            "usage_operation": "RunInstances",
            "virtualization_type": "hvm"
          },
          "sensitive_attributes": []
        }
      ]
    },
    {
      "module": "module.support_vpc.module.public_asg",
      "mode": "data",
      "type": "aws_ami",
      "name": "asg_launch_ami",
      "provider": "provider[\"registry.terraform.io/hashicorp/aws\"]",
      "instances": [
        {
          "schema_version": 0,
          "attributes": {
            "architecture": "x86_64",
            "arn": "arn:aws:ec2:eu-west-1::image/ami-0aca9de1791dcec2a",
            "block_device_mappings": [
              {
                "device_name": "/dev/xvda",
                "ebs": {
                  "delete_on_termination": "true",
                  "encrypted": "false",
                  "iops": "0",
                  "snapshot_id": "snap-0a0b47bc13adce6ec",
                  "throughput": "0",
                  "volume_size": "8",
                  "volume_type": "gp2"
                },
                "no_device": "",
                "virtual_name": ""
              }
            ],
            "boot_mode": "",
            "creation_date": "2022-09-11T18:43:45.000Z",
            "deprecation_time": "2024-09-11T18:43:45.000Z",
            "description": "Debian 11 (20220911-1135)",
            "ena_support": true,
            "executable_users": null,
            "filter": [
              {
                "name": "name",
                "values": [
                  "debian-11-amd64-*"
                ]
              }
            ],
            "hypervisor": "xen",
            "id": "ami-0aca9de1791dcec2a",
            "image_id": "ami-0aca9de1791dcec2a",
            "image_location": "amazon/debian-11-amd64-20220911-1135",
            "image_owner_alias": "amazon",
            "image_type": "machine",
            "imds_support": "",
            "include_deprecated": false,
            "kernel_id": "",
            "most_recent": true,
            "name": "debian-11-amd64-20220911-1135",
            "name_regex": null,
            "owner_id": "136693071363",
            "owners": [
              "136693071363"
            ],
            "platform": "",
            "platform_details": "Linux/UNIX",
            "product_codes": [],
            "public": true,
            "ramdisk_id": "",
            "root_device_name": "/dev/xvda",
            "root_device_type": "ebs",
            "root_snapshot_id": "snap-0a0b47bc13adce6ec",
            "sriov_net_support": "simple",
            "state": "available",
            "state_reason": {
              "code": "UNSET",
              "message": "UNSET"
            },
            "tags": {},
            "timeouts": null,
            "tpm_support": "",
            "usage_operation": "RunInstances",
            "virtualization_type": "hvm"
          },
          "sensitive_attributes": []
        }
      ]
    },
    {
      "module": "module.support_vpc.module.public_asg",
      "mode": "managed",
      "type": "aws_autoscaling_group",
      "name": "asg",
      "provider": "provider[\"registry.terraform.io/hashicorp/aws\"]",
      "instances": [
        {
          "index_key": 0,
          "schema_version": 0,
          "attributes": {
            "arn": "arn:aws:autoscaling:eu-west-1:609291635675:autoScalingGroup:53725644-31ad-41f5-a420-88ceda5181b0:autoScalingGroupName/support_VPC_support_vpc_public_asg_ASG",
            "availability_zones": [
              "eu-west-1b"
            ],
            "capacity_rebalance": false,
            "context": "",
            "default_cooldown": 300,
            "default_instance_warmup": 0,
            "desired_capacity": 1,
            "enabled_metrics": null,
            "force_delete": false,
            "force_delete_warm_pool": false,
            "health_check_grace_period": 300,
            "health_check_type": "EC2",
            "id": "support_VPC_support_vpc_public_asg_ASG",
            "initial_lifecycle_hook": [],
            "instance_refresh": [],
            "launch_configuration": "",
            "launch_template": [
              {
                "id": "lt-070e9349f44dfa50b",
                "name": "support_VPC_support_vpc_public_asg_ASG_launch_template",
                "version": "$Latest"
              }
            ],
            "load_balancers": null,
            "max_instance_lifetime": 0,
            "max_size": 1,
            "metrics_granularity": "1Minute",
            "min_elb_capacity": null,
            "min_size": 1,
            "mixed_instances_policy": [],
            "name": "support_VPC_support_vpc_public_asg_ASG",
            "name_prefix": "",
            "placement_group": "",
            "protect_from_scale_in": false,
            "service_linked_role_arn": "arn:aws:iam::609291635675:role/aws-service-role/autoscaling.amazonaws.com/AWSServiceRoleForAutoScaling",
            "suspended_processes": null,
            "tag": [],
            "tags": null,
            "target_group_arns": null,
            "termination_policies": null,
            "timeouts": null,
            "vpc_zone_identifier": [
              "subnet-0f6bc10cb479bb13f"
            ],
            "wait_for_capacity_timeout": "10m",
            "wait_for_elb_capacity": null,
            "warm_pool": []
          },
          "sensitive_attributes": [],
          "private": "eyJlMmJmYjczMC1lY2FhLTExZTYtOGY4OC0zNDM2M2JjN2M0YzAiOnsiZGVsZXRlIjo2MDAwMDAwMDAwMDAsInVwZGF0ZSI6NjAwMDAwMDAwMDAwfX0=",
          "dependencies": [
            "aws_key_pair.main_key_pair",
            "module.support_vpc.aws_iam_instance_profile.iam_bastion_profil",
            "module.support_vpc.aws_iam_role.bastion_role",
            "module.support_vpc.aws_security_group.main_sg",
            "module.support_vpc.aws_subnet.public_subnet",
            "module.support_vpc.aws_vpc.vpc",
            "module.support_vpc.module.public_asg.aws_launch_template.asg_launch_template",
            "module.support_vpc.module.public_asg.data.aws_ami.asg_launch_ami",
            "tls_private_key.key_generated"
          ]
        }
      ]
    },
    {
      "module": "module.support_vpc.module.public_asg",
      "mode": "managed",
      "type": "aws_launch_template",
      "name": "asg_launch_template",
      "provider": "provider[\"registry.terraform.io/hashicorp/aws\"]",
      "instances": [
        {
          "index_key": 0,
          "schema_version": 0,
          "attributes": {
            "arn": "arn:aws:ec2:eu-west-1:609291635675:launch-template/lt-070e9349f44dfa50b",
            "block_device_mappings": [],
            "capacity_reservation_specification": [],
            "cpu_options": [],
            "credit_specification": [],
            "default_version": 1,
            "description": "",
            "disable_api_stop": false,
            "disable_api_termination": false,
            "ebs_optimized": "",
            "elastic_gpu_specifications": [],
            "elastic_inference_accelerator": [],
            "enclave_options": [],
            "hibernation_options": [],
            "iam_instance_profile": [
              {
                "arn": "",
                "name": "Bastion_IAM_profil"
              }
            ],
            "id": "lt-070e9349f44dfa50b",
            "image_id": "ami-0aca9de1791dcec2a",
            "instance_initiated_shutdown_behavior": "",
            "instance_market_options": [
              {
                "market_type": "spot",
                "spot_options": []
              }
            ],
            "instance_requirements": [],
            "instance_type": "t3.micro",
            "kernel_id": "",
            "key_name": "lucas_iaas_key_pair",
            "latest_version": 1,
            "license_specification": [],
            "maintenance_options": [],
            "metadata_options": [],
            "monitoring": [],
            "name": "support_VPC_support_vpc_public_asg_ASG_launch_template",
            "name_prefix": "",
            "network_interfaces": [
              {
                "associate_carrier_ip_address": "",
                "associate_public_ip_address": "true",
                "delete_on_termination": "",
                "description": "",
                "device_index": 0,
                "interface_type": "",
                "ipv4_address_count": 0,
                "ipv4_addresses": null,
                "ipv4_prefix_count": 0,
                "ipv4_prefixes": null,
                "ipv6_address_count": 0,
                "ipv6_addresses": null,
                "ipv6_prefix_count": 0,
                "ipv6_prefixes": null,
                "network_card_index": 0,
                "network_interface_id": "",
                "private_ip_address": "",
                "security_groups": [
                  "sg-02019445b4864715d"
                ],
                "subnet_id": "subnet-0f6bc10cb479bb13f"
              }
            ],
            "placement": [],
            "private_dns_name_options": [],
            "ram_disk_id": "",
            "security_group_names": null,
            "tag_specifications": [],
            "tags": null,
            "tags_all": {
              "owner": "lucas.campistron@fr.clara.net"
            },
            "update_default_version": null,
            "user_data": "",
            "vpc_security_group_ids": null
          },
          "sensitive_attributes": [],
          "private": "bnVsbA==",
          "dependencies": [
            "aws_key_pair.main_key_pair",
            "module.support_vpc.aws_iam_instance_profile.iam_bastion_profil",
            "module.support_vpc.aws_iam_role.bastion_role",
            "module.support_vpc.aws_security_group.main_sg",
            "module.support_vpc.aws_subnet.public_subnet",
            "module.support_vpc.aws_vpc.vpc",
            "module.support_vpc.module.public_asg.data.aws_ami.asg_launch_ami",
            "tls_private_key.key_generated"
          ]
        }
      ]
    }
  ]
}
