{
  "version": 4,
  "terraform_version": "1.2.9",
  "serial": 15,
  "lineage": "3d376322-1964-3621-0783-ac917853611f",
  "outputs": {},
  "resources": [
    {
      "mode": "data",
      "type": "aws_ami",
      "name": "support_asg_launch_ami",
      "provider": "provider[\"registry.terraform.io/hashicorp/aws\"]",
      "instances": [
        {
          "schema_version": 0,
          "attributes": {
            "architecture": "x86_64",
            "arn": "arn:aws:ec2:eu-west-1::image/ami-0aca9de1791dcec2a",
            "block_device_mappings": [
              {
                "device_name": "/dev/xvda",
                "ebs": {
                  "delete_on_termination": "true",
                  "encrypted": "false",
                  "iops": "0",
                  "snapshot_id": "snap-0a0b47bc13adce6ec",
                  "throughput": "0",
                  "volume_size": "8",
                  "volume_type": "gp2"
                },
                "no_device": "",
                "virtual_name": ""
              }
            ],
            "boot_mode": "",
            "creation_date": "2022-09-11T18:43:45.000Z",
            "deprecation_time": "2024-09-11T18:43:45.000Z",
            "description": "Debian 11 (20220911-1135)",
            "ena_support": true,
            "executable_users": null,
            "filter": [
              {
                "name": "name",
                "values": [
                  "debian-11-amd64-*"
                ]
              }
            ],
            "hypervisor": "xen",
            "id": "ami-0aca9de1791dcec2a",
            "image_id": "ami-0aca9de1791dcec2a",
            "image_location": "amazon/debian-11-amd64-20220911-1135",
            "image_owner_alias": "amazon",
            "image_type": "machine",
            "imds_support": "",
            "include_deprecated": false,
            "kernel_id": "",
            "most_recent": true,
            "name": "debian-11-amd64-20220911-1135",
            "name_regex": null,
            "owner_id": "136693071363",
            "owners": [
              "136693071363"
            ],
            "platform": "",
            "platform_details": "Linux/UNIX",
            "product_codes": [],
            "public": true,
            "ramdisk_id": "",
            "root_device_name": "/dev/xvda",
            "root_device_type": "ebs",
            "root_snapshot_id": "snap-0a0b47bc13adce6ec",
            "sriov_net_support": "simple",
            "state": "available",
            "state_reason": {
              "code": "UNSET",
              "message": "UNSET"
            },
            "tags": {},
            "timeouts": null,
            "tpm_support": "",
            "usage_operation": "RunInstances",
            "virtualization_type": "hvm"
          },
          "sensitive_attributes": []
        }
      ]
    },
    {
      "mode": "managed",
      "type": "aws_internet_gateway",
      "name": "support_vpc_ig",
      "provider": "provider[\"registry.terraform.io/hashicorp/aws\"]",
      "instances": [
        {
          "schema_version": 0,
          "attributes": {
            "arn": "arn:aws:ec2:eu-west-1:609291635675:internet-gateway/igw-0549a3141c0d1e116",
            "id": "igw-0549a3141c0d1e116",
            "owner_id": "609291635675",
            "tags": {
              "Name": "Support VPC internet gateway"
            },
            "tags_all": {
              "Name": "Support VPC internet gateway",
              "owner": "lucas.campistron@fr.clara.net"
            },
            "timeouts": null,
            "vpc_id": "vpc-06f859e2b70925bcb"
          },
          "sensitive_attributes": [],
          "private": "eyJlMmJmYjczMC1lY2FhLTExZTYtOGY4OC0zNDM2M2JjN2M0YzAiOnsiY3JlYXRlIjoxMjAwMDAwMDAwMDAwLCJkZWxldGUiOjEyMDAwMDAwMDAwMDAsInVwZGF0ZSI6MTIwMDAwMDAwMDAwMH19",
          "dependencies": [
            "aws_vpc.support_vpc"
          ]
        }
      ]
    },
    {
      "mode": "managed",
      "type": "aws_key_pair",
      "name": "main",
      "provider": "provider[\"registry.terraform.io/hashicorp/aws\"]",
      "instances": [
        {
          "schema_version": 1,
          "attributes": {
            "arn": "arn:aws:ec2:eu-west-1:609291635675:key-pair/main_key_pair",
            "fingerprint": "ab:3f:2b:b5:5a:9e:ce:d9:d0:d5:e0:aa:13:bf:d5:c4",
            "id": "main_key_pair",
            "key_name": "main_key_pair",
            "key_name_prefix": "",
            "key_pair_id": "key-0608805581a7f1b71",
            "key_type": "rsa",
            "public_key": "ssh-rsa AAAAB3NzaC1yc2EAAAADAQABAAABAQD31MsBFGuQOUuCOqlXHA7eR8oYNQokduxGtOPEGT6PYgaSktcwjQUBAGNmvt+6Pyoyg8dgmFgr7yqrJA55FZPBPKHl0D0rsZY5fNBPfslE32NUxbPrv/gALqVMa2YXoWAhnDMDOD/CNFlNSsjcJKFt4BrVaUBnzWrh7gyEmiaC3lNuwQlFA9Ed7Pj1G2PphN/jZtYEjdQPz/L+zTtbzacWEfgB15QOtf479VnRllMB6icpC/jnZMTd4KG1x8LI6XdakwoScskC4wTdAe9ZD8/3QxMN0ziGn1q8Lc4mPnxt7FeEWfOz4Al9p/GMu4afBSwwMaWiSvk1JUfQud+w9Xkl jttc_id_rsa",
            "tags": null,
            "tags_all": {
              "owner": "lucas.campistron@fr.clara.net"
            }
          },
          "sensitive_attributes": [
            [
              {
                "type": "get_attr",
                "value": "public_key"
              }
            ]
          ],
          "private": "eyJzY2hlbWFfdmVyc2lvbiI6IjEifQ=="
        }
      ]
    },
    {
      "mode": "managed",
      "type": "aws_launch_template",
      "name": "support_launch_template",
      "provider": "provider[\"registry.terraform.io/hashicorp/aws\"]",
      "instances": [
        {
          "schema_version": 0,
          "attributes": {
            "arn": "arn:aws:ec2:eu-west-1:609291635675:launch-template/lt-0364f4a2c5d835ec1",
            "block_device_mappings": [],
            "capacity_reservation_specification": [],
            "cpu_options": [],
            "credit_specification": [],
            "default_version": 1,
            "description": "",
            "disable_api_stop": false,
            "disable_api_termination": false,
            "ebs_optimized": "",
            "elastic_gpu_specifications": [],
            "elastic_inference_accelerator": [],
            "enclave_options": [],
            "hibernation_options": [],
            "iam_instance_profile": [],
            "id": "lt-0364f4a2c5d835ec1",
            "image_id": "ami-0aca9de1791dcec2a",
            "instance_initiated_shutdown_behavior": "",
            "instance_market_options": [
              {
                "market_type": "spot",
                "spot_options": []
              }
            ],
            "instance_requirements": [],
            "instance_type": "t3.micro",
            "kernel_id": "",
            "key_name": "ssh-rsa AAAAB3NzaC1yc2EAAAADAQABAAABAQD31MsBFGuQOUuCOqlXHA7eR8oYNQokduxGtOPEGT6PYgaSktcwjQUBAGNmvt+6Pyoyg8dgmFgr7yqrJA55FZPBPKHl0D0rsZY5fNBPfslE32NUxbPrv/gALqVMa2YXoWAhnDMDOD/CNFlNSsjcJKFt4BrVaUBnzWrh7gyEmiaC3lNuwQlFA9Ed7Pj1G2PphN/jZtYEjdQPz/L+zTtbzacWEfgB15QOtf479VnRllMB6icpC/jnZMTd4KG1x8LI6XdakwoScskC4wTdAe9ZD8/3QxMN0ziGn1q8Lc4mPnxt7FeEWfOz4Al9p/GMu4afBSwwMaWiSvk1JUfQud+w9Xkl jttc_id_rsa",
            "latest_version": 1,
            "license_specification": [],
            "maintenance_options": [],
            "metadata_options": [],
            "monitoring": [],
            "name": "terraform-20221010151832797300000001",
            "name_prefix": "terraform-",
            "network_interfaces": [],
            "placement": [],
            "private_dns_name_options": [],
            "ram_disk_id": "",
            "security_group_names": null,
            "tag_specifications": [],
            "tags": null,
            "tags_all": {
              "owner": "lucas.campistron@fr.clara.net"
            },
            "update_default_version": null,
            "user_data": "",
            "vpc_security_group_ids": null
          },
          "sensitive_attributes": [],
          "private": "bnVsbA==",
          "dependencies": [
            "data.aws_ami.support_asg_launch_ami"
          ]
        }
      ]
    },
    {
      "mode": "managed",
      "type": "aws_route53_zone",
      "name": "support_private_dns_zone",
      "provider": "provider[\"registry.terraform.io/hashicorp/aws\"]",
      "instances": [
        {
          "schema_version": 0,
          "attributes": {
            "arn": "arn:aws:route53:::hostedzone/Z023448836QK8957LUUKN",
            "comment": "Managed by Terraform",
            "delegation_set_id": "",
            "force_destroy": false,
            "id": "Z023448836QK8957LUUKN",
            "name": "support-vpc-lucas-campistron.com",
            "name_servers": [
              "ns-0.awsdns-00.com.",
              "ns-1024.awsdns-00.org.",
              "ns-1536.awsdns-00.co.uk.",
              "ns-512.awsdns-00.net."
            ],
            "tags": {},
            "tags_all": {
              "owner": "lucas.campistron@fr.clara.net"
            },
            "vpc": [
              {
                "vpc_id": "vpc-06f859e2b70925bcb",
                "vpc_region": "eu-west-1"
              }
            ],
            "zone_id": "Z023448836QK8957LUUKN"
          },
          "sensitive_attributes": [],
          "private": "bnVsbA==",
          "dependencies": [
            "aws_vpc.support_vpc"
          ]
        }
      ]
    },
    {
      "mode": "managed",
      "type": "aws_subnet",
      "name": "support_public_subnets",
      "provider": "provider[\"registry.terraform.io/hashicorp/aws\"]",
      "instances": [
        {
          "index_key": 0,
          "schema_version": 1,
          "attributes": {
            "arn": "arn:aws:ec2:eu-west-1:609291635675:subnet/subnet-07d8d35f2b9762366",
            "assign_ipv6_address_on_creation": false,
            "availability_zone": "eu-west-1c",
            "availability_zone_id": "euw1-az1",
            "cidr_block": "10.0.1.0/24",
            "customer_owned_ipv4_pool": "",
            "enable_dns64": false,
            "enable_resource_name_dns_a_record_on_launch": false,
            "enable_resource_name_dns_aaaa_record_on_launch": false,
            "id": "subnet-07d8d35f2b9762366",
            "ipv6_cidr_block": "",
            "ipv6_cidr_block_association_id": "",
            "ipv6_native": false,
            "map_customer_owned_ip_on_launch": false,
            "map_public_ip_on_launch": false,
            "outpost_arn": "",
            "owner_id": "609291635675",
            "private_dns_hostname_type_on_launch": "ip-name",
            "tags": {
              "Name": "Support public subnet"
            },
            "tags_all": {
              "Name": "Support public subnet",
              "owner": "lucas.campistron@fr.clara.net"
            },
            "timeouts": null,
            "vpc_id": "vpc-06f859e2b70925bcb"
          },
          "sensitive_attributes": [],
          "private": "eyJlMmJmYjczMC1lY2FhLTExZTYtOGY4OC0zNDM2M2JjN2M0YzAiOnsiY3JlYXRlIjo2MDAwMDAwMDAwMDAsImRlbGV0ZSI6MTIwMDAwMDAwMDAwMH0sInNjaGVtYV92ZXJzaW9uIjoiMSJ9",
          "dependencies": [
            "aws_vpc.support_vpc"
          ]
        }
      ]
    },
    {
      "mode": "managed",
      "type": "aws_vpc",
      "name": "support_vpc",
      "provider": "provider[\"registry.terraform.io/hashicorp/aws\"]",
      "instances": [
        {
          "schema_version": 1,
          "attributes": {
            "arn": "arn:aws:ec2:eu-west-1:609291635675:vpc/vpc-06f859e2b70925bcb",
            "assign_generated_ipv6_cidr_block": false,
            "cidr_block": "10.0.0.0/16",
            "default_network_acl_id": "acl-08b2028446f43e68e",
            "default_route_table_id": "rtb-0e1298aa5fcfc8a53",
            "default_security_group_id": "sg-0f6fe90d0a66ecf81",
            "dhcp_options_id": "dopt-40fed526",
            "enable_classiclink": false,
            "enable_classiclink_dns_support": false,
            "enable_dns_hostnames": false,
            "enable_dns_support": true,
            "id": "vpc-06f859e2b70925bcb",
            "instance_tenancy": "default",
            "ipv4_ipam_pool_id": null,
            "ipv4_netmask_length": null,
            "ipv6_association_id": "",
            "ipv6_cidr_block": "",
            "ipv6_cidr_block_network_border_group": "",
            "ipv6_ipam_pool_id": "",
            "ipv6_netmask_length": 0,
            "main_route_table_id": "rtb-0e1298aa5fcfc8a53",
            "owner_id": "609291635675",
            "tags": {
              "Name": "Support VPC"
            },
            "tags_all": {
              "Name": "Support VPC",
              "owner": "lucas.campistron@fr.clara.net"
            }
          },
          "sensitive_attributes": [],
          "private": "eyJzY2hlbWFfdmVyc2lvbiI6IjEifQ=="
        }
      ]
    }
  ]
}
