{
  "version": 4,
  "terraform_version": "1.2.9",
  "serial": 97,
  "lineage": "ee97f752-2384-a730-b8d3-ef97c7bc148f",
  "outputs": {},
  "resources": [
    {
      "mode": "managed",
      "type": "aws_iam_instance_profile",
      "name": "iam_main_profil",
      "provider": "provider[\"registry.terraform.io/hashicorp/aws\"]",
      "instances": [
        {
          "schema_version": 0,
          "attributes": {
            "arn": "arn:aws:iam::609291635675:instance-profile/main_iam_profil",
            "create_date": "2022-10-12T12:51:19Z",
            "id": "main_iam_profil",
            "name": "main_iam_profil",
            "name_prefix": null,
            "path": "/",
            "role": "main-role",
            "tags": {},
            "tags_all": {
              "owner": "lucas.campistron@fr.clara.net"
            },
            "unique_id": "AIPAY3XE4RPN7OHPSNKIB"
          },
          "sensitive_attributes": [],
          "private": "bnVsbA==",
          "dependencies": [
            "aws_iam_role.main_role"
          ]
        }
      ]
    },
    {
      "mode": "managed",
      "type": "aws_iam_policy",
      "name": "main_policy",
      "provider": "provider[\"registry.terraform.io/hashicorp/aws\"]",
      "instances": [
        {
          "schema_version": 0,
          "attributes": {
            "arn": "arn:aws:iam::609291635675:policy/main-policy",
            "description": "",
            "id": "arn:aws:iam::609291635675:policy/main-policy",
            "name": "main-policy",
            "name_prefix": null,
            "path": "/",
            "policy": "{\"Statement\":[{\"Action\":\"*\",\"Effect\":\"Allow\",\"Resource\":\"*\"}],\"Version\":\"2012-10-17\"}",
            "policy_id": "ANPAY3XE4RPNRKWV4TZTS",
            "tags": {},
            "tags_all": {
              "owner": "lucas.campistron@fr.clara.net"
            }
          },
          "sensitive_attributes": [],
          "private": "bnVsbA=="
        }
      ]
    },
    {
      "mode": "managed",
      "type": "aws_iam_policy_attachment",
      "name": "attach_main_iam_policy",
      "provider": "provider[\"registry.terraform.io/hashicorp/aws\"]",
      "instances": [
        {
          "schema_version": 0,
          "attributes": {
            "groups": [],
            "id": "attach_ain_iam_Policy",
            "name": "attach_ain_iam_Policy",
            "policy_arn": "arn:aws:iam::609291635675:policy/main-policy",
            "roles": [
              "main-role"
            ],
            "users": []
          },
          "sensitive_attributes": [],
          "private": "bnVsbA==",
          "dependencies": [
            "aws_iam_policy.main_policy",
            "aws_iam_role.main_role"
          ]
        }
      ]
    },
    {
      "mode": "managed",
      "type": "aws_iam_role",
      "name": "main_role",
      "provider": "provider[\"registry.terraform.io/hashicorp/aws\"]",
      "instances": [
        {
          "schema_version": 0,
          "attributes": {
            "arn": "arn:aws:iam::609291635675:role/main-role",
            "assume_role_policy": "{\"Statement\":[{\"Action\":\"sts:AssumeRole\",\"Effect\":\"Allow\",\"Principal\":{\"Service\":\"ec2.amazonaws.com\"},\"Sid\":\"\"}],\"Version\":\"2012-10-17\"}",
            "create_date": "2022-10-12T12:41:13Z",
            "description": "",
            "force_detach_policies": false,
            "id": "main-role",
            "inline_policy": [],
            "managed_policy_arns": [
              "arn:aws:iam::609291635675:policy/main-policy"
            ],
            "max_session_duration": 3600,
            "name": "main-role",
            "name_prefix": "",
            "path": "/",
            "permissions_boundary": null,
            "tags": {},
            "tags_all": {
              "owner": "lucas.campistron@fr.clara.net"
            },
            "unique_id": "AROAY3XE4RPNXA6F4FXD5"
          },
          "sensitive_attributes": [],
          "private": "bnVsbA=="
        }
      ]
    },
    {
      "mode": "managed",
      "type": "aws_key_pair",
      "name": "main_key_pair",
      "provider": "provider[\"registry.terraform.io/hashicorp/aws\"]",
      "instances": [
        {
          "schema_version": 1,
          "attributes": {
            "arn": "arn:aws:ec2:eu-west-1:609291635675:key-pair/lucas_iaas_key_pair",
            "fingerprint": "cc:33:43:8e:d5:da:20:4d:c4:1f:fb:86:03:43:d8:2e",
            "id": "lucas_iaas_key_pair",
            "key_name": "lucas_iaas_key_pair",
            "key_name_prefix": "",
            "key_pair_id": "key-09b224d8c6dddef46",
            "key_type": "rsa",
            "public_key": "ssh-rsa AAAAB3NzaC1yc2EAAAADAQABAAACAQC8kBl0iKPNtPxgwSzCRZgAQH1b+OK5dwhLr8KjEmVv3vsYv5xLgm0MskEUUEB+FlnmDh/c2MmpXgW+bSj/IGXjPkno64TAaDFEQ2UjLDbinZ+sifZQh5YUNoNsElK6WEo/nsd/3t2PT1gpq8kkWmpkPFn27lZWeNUW68II22TdS4go8soQ7bMFzfJJlT0Zco5OwMDtKJa/E8Oh0Ac3UQyiXAwgBKgjQPJpI9Tbm9Pd6AsZAp1MpjhmQ8DqFE21tmnRLNapaTTBvHZMyORE7EHDU0ocNxzEyPGazeVWxfStseLoR83opVCNWqbrYKMaQ7woqkNhj3M02U4c0kD+S6uSpkH2qnO7Rhg08W3XiOgU0eMRxlyAM9H7lRRyZEgfi++k1SvS+YSWsmKtsQiTA7LrlJbHOoCCrR3YzafMymnMpNtqM39OBw1JZcQjiiwD5YITqCzkxuj1bEesMmzieRFvwUbrgAvbpR3cZ00Z+Bmm/Pka9/hYCm1EA3F7+ZKb37tolw2RgFGGjjtSa7bH9wxtNtSsuDK3ZjBZpb54KGMieEhwUy7mtmAGgTK4+2OzvSZOxn9zSKPccf6aL3823gvinx2XnRoNp55tprgOJqK9cUiPaYLxh+JbnQGkk4x/je/EJiZTjXU7XC4K6N4/X28uF602E6xOUpjfIgaJnl3w6Q==",
            "tags": {},
            "tags_all": {
              "owner": "lucas.campistron@fr.clara.net"
            }
          },
          "sensitive_attributes": [],
          "private": "eyJzY2hlbWFfdmVyc2lvbiI6IjEifQ==",
          "dependencies": [
            "tls_private_key.key_generated"
          ]
        }
      ]
    },
    {
      "mode": "managed",
      "type": "aws_vpc_peering_connection",
      "name": "support_preprod_vpc_peering",
      "provider": "provider[\"registry.terraform.io/hashicorp/aws\"]",
      "instances": [
        {
          "schema_version": 0,
          "attributes": {
            "accept_status": "active",
            "accepter": [
              {
                "allow_classic_link_to_remote_vpc": false,
                "allow_remote_vpc_dns_resolution": false,
                "allow_vpc_to_remote_classic_link": false
              }
            ],
            "auto_accept": true,
            "id": "pcx-00b6c3164f9e127cd",
            "peer_owner_id": "609291635675",
            "peer_region": "eu-west-1",
            "peer_vpc_id": "vpc-08e15d10d160a036b",
            "requester": [
              {
                "allow_classic_link_to_remote_vpc": false,
                "allow_remote_vpc_dns_resolution": false,
                "allow_vpc_to_remote_classic_link": false
              }
            ],
            "tags": null,
            "tags_all": {
              "owner": "lucas.campistron@fr.clara.net"
            },
            "timeouts": null,
            "vpc_id": "vpc-0990965a9663c2886"
          },
          "sensitive_attributes": [],
          "private": "eyJlMmJmYjczMC1lY2FhLTExZTYtOGY4OC0zNDM2M2JjN2M0YzAiOnsiY3JlYXRlIjo2MDAwMDAwMDAwMCwiZGVsZXRlIjo2MDAwMDAwMDAwMCwidXBkYXRlIjo2MDAwMDAwMDAwMH19",
          "dependencies": [
            "module.preprod_vpc.aws_vpc.vpc",
            "module.support_vpc.aws_vpc.vpc"
          ]
        }
      ]
    },
    {
      "mode": "managed",
      "type": "tls_private_key",
      "name": "key_generated",
      "provider": "provider[\"registry.terraform.io/hashicorp/tls\"]",
      "instances": [
        {
          "schema_version": 1,
          "attributes": {
            "algorithm": "RSA",
            "ecdsa_curve": "P224",
            "id": "4f34c5bdc7d39cc5b0ee58aa33ae3eb192e47fe4",
            "private_key_openssh": "-----BEGIN OPENSSH PRIVATE KEY-----\nb3BlbnNzaC1rZXktdjEAAAAABG5vbmUAAAAEbm9uZQAAAAAAAAABAAACFwAAAAdz\nc2gtcnNhAAAAAwEAAQAAAgEAvJAZdIijzbT8YMEswkWYAEB9W/jiuXcIS6/CoxJl\nb977GL+cS4JtDLJBFFBAfhZZ5g4f3NjJqV4Fvm0o/yBl4z5J6OuEwGgxRENlIyw2\n4p2frIn2UIeWFDaDbBJSulhKP57Hf97dj09YKavJJFpqZDxZ9u5WVnjVFuvCCNtk\n3UuIKPLKEO2zBc3ySZU9GXKOTsDA7SiWvxPDodAHN1EMolwMIASoI0DyaSPU25vT\n3egLGQKdTKY4ZkPA6hRNtbZp0SzWqWk0wbx2TMjkROxBw1NKHDccxMjxms3lVsX0\nrbHi6EfN6KVQjVqm62CjGkO8KKpDYY9zNNlOHNJA/kurkqZB9qpzu0YYNPFt14jo\nFNHjEcZcgDPR+5UUcmRIH4vvpNUr0vmElrJirbEIkwOy65SWxzqAgq0d2M2nzMpp\nzKTbajN/TgcNSWXEI4osA+WCE6gs5Mbo9WxHrDJs4nkRb8FG64AL26Ud3GdNGfgZ\npvz5Gvf4WAptRANxe/mSm9+7aJcNkYBRho47Umu2x/cMbTbUrLgyt2YwWaW+eChj\nInhIcFMu5rZgBoEyuPtjs70mTsZ/c0ij3HH+mi9/Nt4L4p8dl50aDaeebaa4Diai\nvXFIj2mC8YfiW50BpJOMf43vxCYmU411O1wuCujeP19vLhetNhOsTlKY3yIGiZ5d\n8OkAAAc4D0QS0g9EEtIAAAAHc3NoLXJzYQAAAgEAvJAZdIijzbT8YMEswkWYAEB9\nW/jiuXcIS6/CoxJlb977GL+cS4JtDLJBFFBAfhZZ5g4f3NjJqV4Fvm0o/yBl4z5J\n6OuEwGgxRENlIyw24p2frIn2UIeWFDaDbBJSulhKP57Hf97dj09YKavJJFpqZDxZ\n9u5WVnjVFuvCCNtk3UuIKPLKEO2zBc3ySZU9GXKOTsDA7SiWvxPDodAHN1EMolwM\nIASoI0DyaSPU25vT3egLGQKdTKY4ZkPA6hRNtbZp0SzWqWk0wbx2TMjkROxBw1NK\nHDccxMjxms3lVsX0rbHi6EfN6KVQjVqm62CjGkO8KKpDYY9zNNlOHNJA/kurkqZB\n9qpzu0YYNPFt14joFNHjEcZcgDPR+5UUcmRIH4vvpNUr0vmElrJirbEIkwOy65SW\nxzqAgq0d2M2nzMppzKTbajN/TgcNSWXEI4osA+WCE6gs5Mbo9WxHrDJs4nkRb8FG\n64AL26Ud3GdNGfgZpvz5Gvf4WAptRANxe/mSm9+7aJcNkYBRho47Umu2x/cMbTbU\nrLgyt2YwWaW+eChjInhIcFMu5rZgBoEyuPtjs70mTsZ/c0ij3HH+mi9/Nt4L4p8d\nl50aDaeebaa4DiaivXFIj2mC8YfiW50BpJOMf43vxCYmU411O1wuCujeP19vLhet\nNhOsTlKY3yIGiZ5d8OkAAAADAQABAAACAETQXcnOd+EBdL0molv/o9orrtQavzsp\n+ogMi36Rnx01hfNhMfvIjF1+zAtKwk6Bf6taajxhjS7XFkeJdNWukCBfQf/Tu62w\nGJKt+cHdR+Zp2bTQ4GhBIv8badjN0w0YXXhcTLgYsEi1jxoeDBjNOlh8QeTA1BdY\nn4Nu5G/xCR1NjFJNUHrfFF9A6nP6F8MqsE6DP6UNE/6FivaJgaipVnAGIZKpwGal\nNBI0tmCyvJ4WKb6l2pv3aUvA3C1Q3Y88E9/3eht3Pn6ZdZ7ODagthE5xHfGwFzql\njq6NB24kbgfZjFJyqe2GLyB2/cWWjc9u+sLoaBC5ljSqPTx9aqSjHuiTT+RdMlVZ\nsI11HnvDM+QlMg4I30agtTyxz3arU4UAmeY2Yu81ltzTBxzwSuxURlSb2kdrFlk+\nstx1v+1kK3iYWaDQpCHU4ryGlVRfIMiUC22WzX/7LBsk2MPOjB8DcbhgFLWOQg21\n3IOU/hjXDS72DXdnlqHv8yRfnzwGE48LGL61RyBDV/jrQSXx+6b+bT3P37/tbRmX\np2gK7bfQAy4MAFulHxvyX9rZeYiMUhwVhiJMZ/7F/otekmoJV5LvUk4Sz8Go9ked\nRo0/XoiSnL6mza/N92frp2/MF4Y5npPD9Fqrtbkx1SvGf7pg9ZFdRMTcbugpfmw4\nVxD91Py9IWnFAAABAAasrBbNS93CCxP33tkLWFSZ87qo5EFfsRDjZNOLP6GRTEW3\nRLRuuQaSIwz37cKwlmIeZND/+Mb0ARoyAv8WiGf36CXf5DqYf1t5R4z+CyeEj9s0\n9TwmHDb8JO95ZMIoqT7R8+2BivQB48KABj22+1N13xeYeXqGENCihpL9NdkJAxBz\niPtw6/gwqklyb3BHp1lnl+mTWASMEhcGNKdKPIhOo//OJfBY/MWs09PXC8vCFlA3\ngqoI7bAfq90CNiKHQTloAm51y9+B1FYZvqaa2RI7WvZXnKxTcTVm2PIql7mZL+Bv\nx8SeckmNhS0Diqp6rroLwQtlbY+9bqmBXZgnVGIAAAEBAMHjFjnG2JaM+RIiC/dX\n7R/5Ur4ZwUfAszG/HsS48fjEFg0GAdv8H0yvI71qLFnMltdxJC6JWcnTXwnXU5xT\n4I0C8BJFdLTlImrryuiieilZul346VWC/7qOEwvj2H2iQ2vdzD67MqtRNXWtjIpu\n8dkkXNecBYlvGAb9QzkSKOkfE3xEX2cfh5XP0DiXS6PCUktP8c1cpTGi6HAMGd9r\njYZVABeL+f3VXcvTeyTHuwpy/HGl9ZToKVZoDrASx4CqhRjhlYRYKGESOckhJvz0\nPzd5Xbnapl8iZRAPd0YYynuSZsHlMGI5i/sP649Wp4IdjXqqDAq2p04tdqCHZe29\nducAAAEBAPj4XvpnImpKxlPyCQ3N8ZZAqxpQhB3EIxMQj6FgfCu1muqv2xtkPZ61\ntkrrYs7n8BRXJjSsj+vHHkueWLQ5xXnmUK6ngMpin0D0rem+Hh87GEiuo1Vwd6Xu\nNecS7bUq3TxMg9lEzPvfoACfX0370eiwR/JKpRZXK2OnA7OAUcDkIoTOxDsUpMda\ngk4qMIgezmMt/VeugpX895dGKuOKAfBUkUJnXmDLgp8KQQpPzLsyZcuwfnZP42QN\n5+e+76DM3nAyhQmyrfP3i1ODqItyFuA6AqWt503Knn8Uz4lnyjzpGvw7WQNeY/8x\n6jWTmWsWdL9aLcQr5BsQxBD1VYZo768AAAAAAQID\n-----END OPENSSH PRIVATE KEY-----\n",
            "private_key_pem": "-----BEGIN RSA PRIVATE KEY-----\nMIIJKAIBAAKCAgEAvJAZdIijzbT8YMEswkWYAEB9W/jiuXcIS6/CoxJlb977GL+c\nS4JtDLJBFFBAfhZZ5g4f3NjJqV4Fvm0o/yBl4z5J6OuEwGgxRENlIyw24p2frIn2\nUIeWFDaDbBJSulhKP57Hf97dj09YKavJJFpqZDxZ9u5WVnjVFuvCCNtk3UuIKPLK\nEO2zBc3ySZU9GXKOTsDA7SiWvxPDodAHN1EMolwMIASoI0DyaSPU25vT3egLGQKd\nTKY4ZkPA6hRNtbZp0SzWqWk0wbx2TMjkROxBw1NKHDccxMjxms3lVsX0rbHi6EfN\n6KVQjVqm62CjGkO8KKpDYY9zNNlOHNJA/kurkqZB9qpzu0YYNPFt14joFNHjEcZc\ngDPR+5UUcmRIH4vvpNUr0vmElrJirbEIkwOy65SWxzqAgq0d2M2nzMppzKTbajN/\nTgcNSWXEI4osA+WCE6gs5Mbo9WxHrDJs4nkRb8FG64AL26Ud3GdNGfgZpvz5Gvf4\nWAptRANxe/mSm9+7aJcNkYBRho47Umu2x/cMbTbUrLgyt2YwWaW+eChjInhIcFMu\n5rZgBoEyuPtjs70mTsZ/c0ij3HH+mi9/Nt4L4p8dl50aDaeebaa4DiaivXFIj2mC\n8YfiW50BpJOMf43vxCYmU411O1wuCujeP19vLhetNhOsTlKY3yIGiZ5d8OkCAwEA\nAQKCAgBE0F3JznfhAXS9JqJb/6PaK67UGr87KfqIDIt+kZ8dNYXzYTH7yIxdfswL\nSsJOgX+rWmo8YY0u1xZHiXTVrpAgX0H/07utsBiSrfnB3Ufmadm00OBoQSL/G2nY\nzdMNGF14XEy4GLBItY8aHgwYzTpYfEHkwNQXWJ+DbuRv8QkdTYxSTVB63xRfQOpz\n+hfDKrBOgz+lDRP+hYr2iYGoqVZwBiGSqcBmpTQSNLZgsryeFim+pdqb92lLwNwt\nUN2PPBPf93obdz5+mXWezg2oLYROcR3xsBc6pY6ujQduJG4H2YxScqnthi8gdv3F\nlo3PbvrC6GgQuZY0qj08fWqkox7ok0/kXTJVWbCNdR57wzPkJTIOCN9GoLU8sc92\nq1OFAJnmNmLvNZbc0wcc8ErsVEZUm9pHaxZZPrLcdb/tZCt4mFmg0KQh1OK8hpVU\nXyDIlAttls1/+ywbJNjDzowfA3G4YBS1jkINtdyDlP4Y1w0u9g13Z5ah7/MkX588\nBhOPCxi+tUcgQ1f460El8fum/m09z9+/7W0Zl6doCu230AMuDABbpR8b8l/a2XmI\njFIcFYYiTGf+xf6LXpJqCVeS71JOEs/BqPZHnUaNP16Ikpy+ps2vzfdn66dvzBeG\nOZ6Tw/Raq7W5MdUrxn+6YPWRXUTE3G7oKX5sOFcQ/dT8vSFpxQKCAQEAweMWOcbY\nloz5EiIL91ftH/lSvhnBR8CzMb8exLjx+MQWDQYB2/wfTK8jvWosWcyW13EkLolZ\nydNfCddTnFPgjQLwEkV0tOUiauvK6KJ6KVm6XfjpVYL/uo4TC+PYfaJDa93MPrsy\nq1E1da2Mim7x2SRc15wFiW8YBv1DORIo6R8TfERfZx+Hlc/QOJdLo8JSS0/xzVyl\nMaLocAwZ32uNhlUAF4v5/dVdy9N7JMe7CnL8caX1lOgpVmgOsBLHgKqFGOGVhFgo\nYRI5ySEm/PQ/N3ldudqmXyJlEA93RhjKe5JmweUwYjmL+w/rj1angh2NeqoMCran\nTi12oIdl7b125wKCAQEA+Phe+mciakrGU/IJDc3xlkCrGlCEHcQjExCPoWB8K7Wa\n6q/bG2Q9nrW2SutizufwFFcmNKyP68ceS55YtDnFeeZQrqeAymKfQPSt6b4eHzsY\nSK6jVXB3pe415xLttSrdPEyD2UTM+9+gAJ9fTfvR6LBH8kqlFlcrY6cDs4BRwOQi\nhM7EOxSkx1qCTiowiB7OYy39V66Clfz3l0Yq44oB8FSRQmdeYMuCnwpBCk/MuzJl\ny7B+dk/jZA3n577voMzecDKFCbKt8/eLU4Ooi3IW4DoCpa3nTcqefxTPiWfKPOka\n/DtZA15j/zHqNZOZaxZ0v1otxCvkGxDEEPVVhmjvrwKCAQA44cGUg8TpLkSoUDrI\nfxA/UCs5QF8XCO7JinOhbUz4GbcKbRfAjVA1dDB9EpgeZEpgvH3L9VnVP2Djhzut\nYmI/nHwIMD5UD+EwEys9YuWKGhv2E9+Iydzyw1nNJDRQb3luPOz9/neYEUQo2Rih\nSHlFpkhirRBmyKP48PZ22OANvKM/0uNWYsapagWBhMmZKppwI+0hvattS4j7zmEM\nzgYAQhG71sIp+R4CfXHkUYCLST7MrM7Gt/HguriMaYYENoLD0PLHmAGIsQso+cPx\ndErToJShwQcMZA/YTWFFvGIzLLle6zltp8pshrgqHlcYckkekqLjxcCBzA7Ae9io\njexDAoIBAQCcfyrchXWpkKUH4Uz1o21nP/ENkmzpdP+DHVbbXpXOt9HQEYhNuH3P\nRHN4tmsemcZcUseONqYk073kVH13lBTgYfh3QI0BKmrmXqbvFXVDtla2YSgELbTX\n1VuGi2xmA7KbE5GRQeEDtfaSTZuPnmm8tQoUb/1DhLmeYz49V7yL3hsglgPdC0Xk\nlazwyy5EcfDTgPYNZoFpHGDZct7EtlwvoEjKj8VQXLwXkk991tlfFffMyH1Fi0Pp\nAaCzGF7yGbT8m5TqmqkjgIfQkCKivK1KdsxxLlYFnQZx5TfrLBWAoho3UGrMZkm/\nALYyxTubh7sNCPdZpyk0Jh7Idh4zZcS7AoIBAAasrBbNS93CCxP33tkLWFSZ87qo\n5EFfsRDjZNOLP6GRTEW3RLRuuQaSIwz37cKwlmIeZND/+Mb0ARoyAv8WiGf36CXf\n5DqYf1t5R4z+CyeEj9s09TwmHDb8JO95ZMIoqT7R8+2BivQB48KABj22+1N13xeY\neXqGENCihpL9NdkJAxBziPtw6/gwqklyb3BHp1lnl+mTWASMEhcGNKdKPIhOo//O\nJfBY/MWs09PXC8vCFlA3gqoI7bAfq90CNiKHQTloAm51y9+B1FYZvqaa2RI7WvZX\nnKxTcTVm2PIql7mZL+Bvx8SeckmNhS0Diqp6rroLwQtlbY+9bqmBXZgnVGI=\n-----END RSA PRIVATE KEY-----\n",
            "private_key_pem_pkcs8": "-----BEGIN PRIVATE KEY-----\nMIIJQgIBADANBgkqhkiG9w0BAQEFAASCCSwwggkoAgEAAoICAQC8kBl0iKPNtPxg\nwSzCRZgAQH1b+OK5dwhLr8KjEmVv3vsYv5xLgm0MskEUUEB+FlnmDh/c2MmpXgW+\nbSj/IGXjPkno64TAaDFEQ2UjLDbinZ+sifZQh5YUNoNsElK6WEo/nsd/3t2PT1gp\nq8kkWmpkPFn27lZWeNUW68II22TdS4go8soQ7bMFzfJJlT0Zco5OwMDtKJa/E8Oh\n0Ac3UQyiXAwgBKgjQPJpI9Tbm9Pd6AsZAp1MpjhmQ8DqFE21tmnRLNapaTTBvHZM\nyORE7EHDU0ocNxzEyPGazeVWxfStseLoR83opVCNWqbrYKMaQ7woqkNhj3M02U4c\n0kD+S6uSpkH2qnO7Rhg08W3XiOgU0eMRxlyAM9H7lRRyZEgfi++k1SvS+YSWsmKt\nsQiTA7LrlJbHOoCCrR3YzafMymnMpNtqM39OBw1JZcQjiiwD5YITqCzkxuj1bEes\nMmzieRFvwUbrgAvbpR3cZ00Z+Bmm/Pka9/hYCm1EA3F7+ZKb37tolw2RgFGGjjtS\na7bH9wxtNtSsuDK3ZjBZpb54KGMieEhwUy7mtmAGgTK4+2OzvSZOxn9zSKPccf6a\nL3823gvinx2XnRoNp55tprgOJqK9cUiPaYLxh+JbnQGkk4x/je/EJiZTjXU7XC4K\n6N4/X28uF602E6xOUpjfIgaJnl3w6QIDAQABAoICAETQXcnOd+EBdL0molv/o9or\nrtQavzsp+ogMi36Rnx01hfNhMfvIjF1+zAtKwk6Bf6taajxhjS7XFkeJdNWukCBf\nQf/Tu62wGJKt+cHdR+Zp2bTQ4GhBIv8badjN0w0YXXhcTLgYsEi1jxoeDBjNOlh8\nQeTA1BdYn4Nu5G/xCR1NjFJNUHrfFF9A6nP6F8MqsE6DP6UNE/6FivaJgaipVnAG\nIZKpwGalNBI0tmCyvJ4WKb6l2pv3aUvA3C1Q3Y88E9/3eht3Pn6ZdZ7ODagthE5x\nHfGwFzqljq6NB24kbgfZjFJyqe2GLyB2/cWWjc9u+sLoaBC5ljSqPTx9aqSjHuiT\nT+RdMlVZsI11HnvDM+QlMg4I30agtTyxz3arU4UAmeY2Yu81ltzTBxzwSuxURlSb\n2kdrFlk+stx1v+1kK3iYWaDQpCHU4ryGlVRfIMiUC22WzX/7LBsk2MPOjB8Dcbhg\nFLWOQg213IOU/hjXDS72DXdnlqHv8yRfnzwGE48LGL61RyBDV/jrQSXx+6b+bT3P\n37/tbRmXp2gK7bfQAy4MAFulHxvyX9rZeYiMUhwVhiJMZ/7F/otekmoJV5LvUk4S\nz8Go9kedRo0/XoiSnL6mza/N92frp2/MF4Y5npPD9Fqrtbkx1SvGf7pg9ZFdRMTc\nbugpfmw4VxD91Py9IWnFAoIBAQDB4xY5xtiWjPkSIgv3V+0f+VK+GcFHwLMxvx7E\nuPH4xBYNBgHb/B9MryO9aixZzJbXcSQuiVnJ018J11OcU+CNAvASRXS05SJq68ro\nonopWbpd+OlVgv+6jhML49h9okNr3cw+uzKrUTV1rYyKbvHZJFzXnAWJbxgG/UM5\nEijpHxN8RF9nH4eVz9A4l0ujwlJLT/HNXKUxouhwDBnfa42GVQAXi/n91V3L03sk\nx7sKcvxxpfWU6ClWaA6wEseAqoUY4ZWEWChhEjnJISb89D83eV252qZfImUQD3dG\nGMp7kmbB5TBiOYv7D+uPVqeCHY16qgwKtqdOLXagh2XtvXbnAoIBAQD4+F76ZyJq\nSsZT8gkNzfGWQKsaUIQdxCMTEI+hYHwrtZrqr9sbZD2etbZK62LO5/AUVyY0rI/r\nxx5Lnli0OcV55lCup4DKYp9A9K3pvh4fOxhIrqNVcHel7jXnEu21Kt08TIPZRMz7\n36AAn19N+9HosEfySqUWVytjpwOzgFHA5CKEzsQ7FKTHWoJOKjCIHs5jLf1XroKV\n/PeXRirjigHwVJFCZ15gy4KfCkEKT8y7MmXLsH52T+NkDefnvu+gzN5wMoUJsq3z\n94tTg6iLchbgOgKlredNyp5/FM+JZ8o86Rr8O1kDXmP/Meo1k5lrFnS/Wi3EK+Qb\nEMQQ9VWGaO+vAoIBADjhwZSDxOkuRKhQOsh/ED9QKzlAXxcI7smKc6FtTPgZtwpt\nF8CNUDV0MH0SmB5kSmC8fcv1WdU/YOOHO61iYj+cfAgwPlQP4TATKz1i5YoaG/YT\n34jJ3PLDWc0kNFBveW487P3+d5gRRCjZGKFIeUWmSGKtEGbIo/jw9nbY4A28oz/S\n41ZixqlqBYGEyZkqmnAj7SG9q21LiPvOYQzOBgBCEbvWwin5HgJ9ceRRgItJPsys\nzsa38eC6uIxphgQ2gsPQ8seYAYixCyj5w/F0StOglKHBBwxkD9hNYUW8YjMsuV7r\nOW2nymyGuCoeVxhySR6SouPFwIHMDsB72KiN7EMCggEBAJx/KtyFdamQpQfhTPWj\nbWc/8Q2SbOl0/4MdVttelc630dARiE24fc9Ec3i2ax6ZxlxSx442piTTveRUfXeU\nFOBh+HdAjQEqauZepu8VdUO2VrZhKAQttNfVW4aLbGYDspsTkZFB4QO19pJNm4+e\naby1ChRv/UOEuZ5jPj1XvIveGyCWA90LReSVrPDLLkRx8NOA9g1mgWkcYNly3sS2\nXC+gSMqPxVBcvBeST33W2V8V98zIfUWLQ+kBoLMYXvIZtPyblOqaqSOAh9CQIqK8\nrUp2zHEuVgWdBnHlN+ssFYCiGjdQasxmSb8AtjLFO5uHuw0I91mnKTQmHsh2HjNl\nxLsCggEABqysFs1L3cILE/fe2QtYVJnzuqjkQV+xEONk04s/oZFMRbdEtG65BpIj\nDPftwrCWYh5k0P/4xvQBGjIC/xaIZ/foJd/kOph/W3lHjP4LJ4SP2zT1PCYcNvwk\n73lkwiipPtHz7YGK9AHjwoAGPbb7U3XfF5h5eoYQ0KKGkv012QkDEHOI+3Dr+DCq\nSXJvcEenWWeX6ZNYBIwSFwY0p0o8iE6j/84l8Fj8xazT09cLy8IWUDeCqgjtsB+r\n3QI2IodBOWgCbnXL34HUVhm+pprZEjta9lecrFNxNWbY8iqXuZkv4G/HxJ5ySY2F\nLQOKqnquugvBC2Vtj71uqYFdmCdUYg==\n-----END PRIVATE KEY-----\n",
            "public_key_fingerprint_md5": "99:f5:a6:d6:bb:75:90:47:1b:c7:54:dd:7e:01:b6:f7",
            "public_key_fingerprint_sha256": "SHA256:7cP4H1f2YZn8Zabks97l5h+zoJXerJWswTafsSlxqvk",
            "public_key_openssh": "ssh-rsa AAAAB3NzaC1yc2EAAAADAQABAAACAQC8kBl0iKPNtPxgwSzCRZgAQH1b+OK5dwhLr8KjEmVv3vsYv5xLgm0MskEUUEB+FlnmDh/c2MmpXgW+bSj/IGXjPkno64TAaDFEQ2UjLDbinZ+sifZQh5YUNoNsElK6WEo/nsd/3t2PT1gpq8kkWmpkPFn27lZWeNUW68II22TdS4go8soQ7bMFzfJJlT0Zco5OwMDtKJa/E8Oh0Ac3UQyiXAwgBKgjQPJpI9Tbm9Pd6AsZAp1MpjhmQ8DqFE21tmnRLNapaTTBvHZMyORE7EHDU0ocNxzEyPGazeVWxfStseLoR83opVCNWqbrYKMaQ7woqkNhj3M02U4c0kD+S6uSpkH2qnO7Rhg08W3XiOgU0eMRxlyAM9H7lRRyZEgfi++k1SvS+YSWsmKtsQiTA7LrlJbHOoCCrR3YzafMymnMpNtqM39OBw1JZcQjiiwD5YITqCzkxuj1bEesMmzieRFvwUbrgAvbpR3cZ00Z+Bmm/Pka9/hYCm1EA3F7+ZKb37tolw2RgFGGjjtSa7bH9wxtNtSsuDK3ZjBZpb54KGMieEhwUy7mtmAGgTK4+2OzvSZOxn9zSKPccf6aL3823gvinx2XnRoNp55tprgOJqK9cUiPaYLxh+JbnQGkk4x/je/EJiZTjXU7XC4K6N4/X28uF602E6xOUpjfIgaJnl3w6Q==\n",
            "public_key_pem": "-----BEGIN PUBLIC KEY-----\nMIICIjANBgkqhkiG9w0BAQEFAAOCAg8AMIICCgKCAgEAvJAZdIijzbT8YMEswkWY\nAEB9W/jiuXcIS6/CoxJlb977GL+cS4JtDLJBFFBAfhZZ5g4f3NjJqV4Fvm0o/yBl\n4z5J6OuEwGgxRENlIyw24p2frIn2UIeWFDaDbBJSulhKP57Hf97dj09YKavJJFpq\nZDxZ9u5WVnjVFuvCCNtk3UuIKPLKEO2zBc3ySZU9GXKOTsDA7SiWvxPDodAHN1EM\nolwMIASoI0DyaSPU25vT3egLGQKdTKY4ZkPA6hRNtbZp0SzWqWk0wbx2TMjkROxB\nw1NKHDccxMjxms3lVsX0rbHi6EfN6KVQjVqm62CjGkO8KKpDYY9zNNlOHNJA/kur\nkqZB9qpzu0YYNPFt14joFNHjEcZcgDPR+5UUcmRIH4vvpNUr0vmElrJirbEIkwOy\n65SWxzqAgq0d2M2nzMppzKTbajN/TgcNSWXEI4osA+WCE6gs5Mbo9WxHrDJs4nkR\nb8FG64AL26Ud3GdNGfgZpvz5Gvf4WAptRANxe/mSm9+7aJcNkYBRho47Umu2x/cM\nbTbUrLgyt2YwWaW+eChjInhIcFMu5rZgBoEyuPtjs70mTsZ/c0ij3HH+mi9/Nt4L\n4p8dl50aDaeebaa4DiaivXFIj2mC8YfiW50BpJOMf43vxCYmU411O1wuCujeP19v\nLhetNhOsTlKY3yIGiZ5d8OkCAwEAAQ==\n-----END PUBLIC KEY-----\n",
            "rsa_bits": 4096
          },
          "sensitive_attributes": []
        }
      ]
    },
    {
      "module": "module.preprod_vpc",
      "mode": "managed",
      "type": "aws_internet_gateway",
      "name": "vpc_ig",
      "provider": "provider[\"registry.terraform.io/hashicorp/aws\"]",
      "instances": [
        {
          "schema_version": 0,
          "attributes": {
            "arn": "arn:aws:ec2:eu-west-1:609291635675:internet-gateway/igw-0e0811a0cd6e5efc9",
            "id": "igw-0e0811a0cd6e5efc9",
            "owner_id": "609291635675",
            "tags": {
              "Name": "preprod-vpc-internet-gateway"
            },
            "tags_all": {
              "Name": "preprod-vpc-internet-gateway",
              "owner": "lucas.campistron@fr.clara.net"
            },
            "timeouts": null,
            "vpc_id": "vpc-0990965a9663c2886"
          },
          "sensitive_attributes": [],
          "private": "eyJlMmJmYjczMC1lY2FhLTExZTYtOGY4OC0zNDM2M2JjN2M0YzAiOnsiY3JlYXRlIjoxMjAwMDAwMDAwMDAwLCJkZWxldGUiOjEyMDAwMDAwMDAwMDAsInVwZGF0ZSI6MTIwMDAwMDAwMDAwMH19",
          "dependencies": [
            "module.preprod_vpc.aws_vpc.vpc"
          ]
        }
      ]
    },
    {
      "module": "module.preprod_vpc",
      "mode": "managed",
      "type": "aws_main_route_table_association",
      "name": "main_route_association",
      "provider": "provider[\"registry.terraform.io/hashicorp/aws\"]",
      "instances": [
        {
          "schema_version": 0,
          "attributes": {
            "id": "rtbassoc-08e2e7b417652d08c",
            "original_route_table_id": "rtb-06f32d4d92f4d4081",
            "route_table_id": "rtb-03777e2997c534f8f",
            "vpc_id": "vpc-0990965a9663c2886"
          },
          "sensitive_attributes": [],
          "private": "bnVsbA==",
          "dependencies": [
            "module.preprod_vpc.aws_route_table.vpc_public_route_table",
            "module.preprod_vpc.aws_vpc.vpc"
          ]
        }
      ]
    },
    {
      "module": "module.preprod_vpc",
      "mode": "managed",
      "type": "aws_route",
      "name": "peering_route",
      "provider": "provider[\"registry.terraform.io/hashicorp/aws\"]",
      "instances": [
        {
          "schema_version": 0,
          "attributes": {
            "carrier_gateway_id": "",
            "core_network_arn": "",
            "destination_cidr_block": "172.31.0.0/16",
            "destination_ipv6_cidr_block": "",
            "destination_prefix_list_id": "",
            "egress_only_gateway_id": "",
            "gateway_id": "",
            "id": "r-rtb-03777e2997c534f8f3854007479",
            "instance_id": "",
            "instance_owner_id": "",
            "local_gateway_id": "",
            "nat_gateway_id": "",
            "network_interface_id": "",
            "origin": "CreateRoute",
            "route_table_id": "rtb-03777e2997c534f8f",
            "state": "active",
            "timeouts": null,
            "transit_gateway_id": "",
            "vpc_endpoint_id": "",
            "vpc_peering_connection_id": "pcx-00b6c3164f9e127cd"
          },
          "sensitive_attributes": [],
          "private": "eyJlMmJmYjczMC1lY2FhLTExZTYtOGY4OC0zNDM2M2JjN2M0YzAiOnsiY3JlYXRlIjozMDAwMDAwMDAwMDAsImRlbGV0ZSI6MzAwMDAwMDAwMDAwLCJ1cGRhdGUiOjEyMDAwMDAwMDAwMH19",
          "dependencies": [
            "aws_vpc_peering_connection.support_preprod_vpc_peering",
            "module.preprod_vpc.aws_route_table.vpc_public_route_table",
            "module.preprod_vpc.aws_vpc.vpc",
            "module.support_vpc.aws_vpc.vpc"
          ]
        }
      ]
    },
    {
      "module": "module.preprod_vpc",
      "mode": "managed",
      "type": "aws_route",
      "name": "public_route",
      "provider": "provider[\"registry.terraform.io/hashicorp/aws\"]",
      "instances": [
        {
          "schema_version": 0,
          "attributes": {
            "carrier_gateway_id": "",
            "core_network_arn": "",
            "destination_cidr_block": "0.0.0.0/0",
            "destination_ipv6_cidr_block": "",
            "destination_prefix_list_id": "",
            "egress_only_gateway_id": "",
            "gateway_id": "igw-0e0811a0cd6e5efc9",
            "id": "r-rtb-03777e2997c534f8f1080289494",
            "instance_id": "",
            "instance_owner_id": "",
            "local_gateway_id": "",
            "nat_gateway_id": "",
            "network_interface_id": "",
            "origin": "CreateRoute",
            "route_table_id": "rtb-03777e2997c534f8f",
            "state": "active",
            "timeouts": null,
            "transit_gateway_id": "",
            "vpc_endpoint_id": "",
            "vpc_peering_connection_id": ""
          },
          "sensitive_attributes": [],
          "private": "eyJlMmJmYjczMC1lY2FhLTExZTYtOGY4OC0zNDM2M2JjN2M0YzAiOnsiY3JlYXRlIjozMDAwMDAwMDAwMDAsImRlbGV0ZSI6MzAwMDAwMDAwMDAwLCJ1cGRhdGUiOjEyMDAwMDAwMDAwMH19",
          "dependencies": [
            "module.preprod_vpc.aws_internet_gateway.vpc_ig",
            "module.preprod_vpc.aws_route_table.vpc_public_route_table",
            "module.preprod_vpc.aws_vpc.vpc"
          ]
        }
      ]
    },
    {
      "module": "module.preprod_vpc",
      "mode": "managed",
      "type": "aws_route53_zone",
      "name": "private_dns_zone",
      "provider": "provider[\"registry.terraform.io/hashicorp/aws\"]",
      "instances": [
        {
          "schema_version": 0,
          "attributes": {
            "arn": "arn:aws:route53:::hostedzone/Z026227337L54AE1MA7KV",
            "comment": "Managed by Terraform",
            "delegation_set_id": "",
            "force_destroy": false,
            "id": "Z026227337L54AE1MA7KV",
            "name": "preprod-vpc-lucas.com",
            "name_servers": [
              "ns-0.awsdns-00.com.",
              "ns-1024.awsdns-00.org.",
              "ns-1536.awsdns-00.co.uk.",
              "ns-512.awsdns-00.net."
            ],
            "tags": {},
            "tags_all": {
              "owner": "lucas.campistron@fr.clara.net"
            },
            "vpc": [
              {
                "vpc_id": "vpc-0990965a9663c2886",
                "vpc_region": "eu-west-1"
              }
            ],
            "zone_id": "Z026227337L54AE1MA7KV"
          },
          "sensitive_attributes": [],
          "private": "bnVsbA==",
          "dependencies": [
            "module.preprod_vpc.aws_vpc.vpc"
          ]
        }
      ]
    },
    {
      "module": "module.preprod_vpc",
      "mode": "managed",
      "type": "aws_route_table",
      "name": "vpc_private_route_table",
      "provider": "provider[\"registry.terraform.io/hashicorp/aws\"]",
      "instances": [
        {
          "index_key": 0,
          "schema_version": 0,
          "attributes": {
            "arn": "arn:aws:ec2:eu-west-1:609291635675:route-table/rtb-04c9127bcba8e41e7",
            "id": "rtb-04c9127bcba8e41e7",
            "owner_id": "609291635675",
            "propagating_vgws": [],
            "route": [],
            "tags": {
              "Name": "preprod-private-route-table"
            },
            "tags_all": {
              "Name": "preprod-private-route-table",
              "owner": "lucas.campistron@fr.clara.net"
            },
            "timeouts": null,
            "vpc_id": "vpc-0990965a9663c2886"
          },
          "sensitive_attributes": [],
          "private": "eyJlMmJmYjczMC1lY2FhLTExZTYtOGY4OC0zNDM2M2JjN2M0YzAiOnsiY3JlYXRlIjozMDAwMDAwMDAwMDAsImRlbGV0ZSI6MzAwMDAwMDAwMDAwLCJ1cGRhdGUiOjEyMDAwMDAwMDAwMH19",
          "dependencies": [
            "module.preprod_vpc.aws_vpc.vpc"
          ]
        }
      ]
    },
    {
      "module": "module.preprod_vpc",
      "mode": "managed",
      "type": "aws_route_table",
      "name": "vpc_public_route_table",
      "provider": "provider[\"registry.terraform.io/hashicorp/aws\"]",
      "instances": [
        {
          "schema_version": 0,
          "attributes": {
            "arn": "arn:aws:ec2:eu-west-1:609291635675:route-table/rtb-03777e2997c534f8f",
            "id": "rtb-03777e2997c534f8f",
            "owner_id": "609291635675",
            "propagating_vgws": [],
            "route": [
              {
                "carrier_gateway_id": "",
                "cidr_block": "0.0.0.0/0",
                "core_network_arn": "",
                "destination_prefix_list_id": "",
                "egress_only_gateway_id": "",
                "gateway_id": "igw-0e0811a0cd6e5efc9",
                "instance_id": "",
                "ipv6_cidr_block": "",
                "local_gateway_id": "",
                "nat_gateway_id": "",
                "network_interface_id": "",
                "transit_gateway_id": "",
                "vpc_endpoint_id": "",
                "vpc_peering_connection_id": ""
              },
              {
                "carrier_gateway_id": "",
                "cidr_block": "172.31.0.0/16",
                "core_network_arn": "",
                "destination_prefix_list_id": "",
                "egress_only_gateway_id": "",
                "gateway_id": "",
                "instance_id": "",
                "ipv6_cidr_block": "",
                "local_gateway_id": "",
                "nat_gateway_id": "",
                "network_interface_id": "",
                "transit_gateway_id": "",
                "vpc_endpoint_id": "",
                "vpc_peering_connection_id": "pcx-0b8b736dba90c9db5"
              }
            ],
            "tags": {
              "Name": "preprod-public-route-table"
            },
            "tags_all": {
              "Name": "preprod-public-route-table",
              "owner": "lucas.campistron@fr.clara.net"
            },
            "timeouts": null,
            "vpc_id": "vpc-0990965a9663c2886"
          },
          "sensitive_attributes": [],
          "private": "eyJlMmJmYjczMC1lY2FhLTExZTYtOGY4OC0zNDM2M2JjN2M0YzAiOnsiY3JlYXRlIjozMDAwMDAwMDAwMDAsImRlbGV0ZSI6MzAwMDAwMDAwMDAwLCJ1cGRhdGUiOjEyMDAwMDAwMDAwMH19",
          "dependencies": [
            "module.preprod_vpc.aws_vpc.vpc"
          ]
        }
      ]
    },
    {
      "module": "module.preprod_vpc",
      "mode": "managed",
      "type": "aws_security_group",
      "name": "main_sg",
      "provider": "provider[\"registry.terraform.io/hashicorp/aws\"]",
      "instances": [
        {
          "schema_version": 1,
          "attributes": {
            "arn": "arn:aws:ec2:eu-west-1:609291635675:security-group/sg-0ac02b2841733fd5a",
            "description": "Managed by Terraform",
            "egress": [
              {
                "cidr_blocks": [
                  "0.0.0.0/0"
                ],
                "description": "",
                "from_port": 0,
                "ipv6_cidr_blocks": [
                  "::/0"
                ],
                "prefix_list_ids": [],
                "protocol": "-1",
                "security_groups": [],
                "self": false,
                "to_port": 0
              }
            ],
            "id": "sg-0ac02b2841733fd5a",
            "ingress": [
              {
                "cidr_blocks": [
                  "0.0.0.0/0"
                ],
                "description": "",
                "from_port": 22,
                "ipv6_cidr_blocks": [
                  "::/0"
                ],
                "prefix_list_ids": [],
                "protocol": "tcp",
                "security_groups": [],
                "self": false,
                "to_port": 22
              }
            ],
            "name": "preprod_main_sg",
            "name_prefix": "",
            "owner_id": "609291635675",
            "revoke_rules_on_delete": false,
            "tags": {},
            "tags_all": {
              "owner": "lucas.campistron@fr.clara.net"
            },
            "timeouts": null,
            "vpc_id": "vpc-0990965a9663c2886"
          },
          "sensitive_attributes": [],
          "private": "eyJlMmJmYjczMC1lY2FhLTExZTYtOGY4OC0zNDM2M2JjN2M0YzAiOnsiY3JlYXRlIjo2MDAwMDAwMDAwMDAsImRlbGV0ZSI6OTAwMDAwMDAwMDAwfSwic2NoZW1hX3ZlcnNpb24iOiIxIn0=",
          "dependencies": [
            "module.preprod_vpc.aws_vpc.vpc"
          ]
        }
      ]
    },
    {
      "module": "module.preprod_vpc",
      "mode": "managed",
      "type": "aws_subnet",
      "name": "private_subnet",
      "provider": "provider[\"registry.terraform.io/hashicorp/aws\"]",
      "instances": [
        {
          "index_key": 0,
          "schema_version": 1,
          "attributes": {
            "arn": "arn:aws:ec2:eu-west-1:609291635675:subnet/subnet-053fd779343273674",
            "assign_ipv6_address_on_creation": false,
            "availability_zone": "eu-west-1b",
            "availability_zone_id": "euw1-az3",
            "cidr_block": "10.1.2.0/24",
            "customer_owned_ipv4_pool": "",
            "enable_dns64": false,
            "enable_resource_name_dns_a_record_on_launch": false,
            "enable_resource_name_dns_aaaa_record_on_launch": false,
            "id": "subnet-053fd779343273674",
            "ipv6_cidr_block": "",
            "ipv6_cidr_block_association_id": "",
            "ipv6_native": false,
            "map_customer_owned_ip_on_launch": false,
            "map_public_ip_on_launch": false,
            "outpost_arn": "",
            "owner_id": "609291635675",
            "private_dns_hostname_type_on_launch": "ip-name",
            "tags": {
              "Name": "preprod-private-subnet"
            },
            "tags_all": {
              "Name": "preprod-private-subnet",
              "owner": "lucas.campistron@fr.clara.net"
            },
            "timeouts": null,
            "vpc_id": "vpc-0990965a9663c2886"
          },
          "sensitive_attributes": [],
          "private": "eyJlMmJmYjczMC1lY2FhLTExZTYtOGY4OC0zNDM2M2JjN2M0YzAiOnsiY3JlYXRlIjo2MDAwMDAwMDAwMDAsImRlbGV0ZSI6MTIwMDAwMDAwMDAwMH0sInNjaGVtYV92ZXJzaW9uIjoiMSJ9",
          "dependencies": [
            "module.preprod_vpc.aws_vpc.vpc"
          ]
        }
      ]
    },
    {
      "module": "module.preprod_vpc",
      "mode": "managed",
      "type": "aws_subnet",
      "name": "public_subnet",
      "provider": "provider[\"registry.terraform.io/hashicorp/aws\"]",
      "instances": [
        {
          "index_key": 0,
          "schema_version": 1,
          "attributes": {
            "arn": "arn:aws:ec2:eu-west-1:609291635675:subnet/subnet-019e46f7316ccc095",
            "assign_ipv6_address_on_creation": false,
            "availability_zone": "eu-west-1b",
            "availability_zone_id": "euw1-az3",
            "cidr_block": "10.1.1.0/24",
            "customer_owned_ipv4_pool": "",
            "enable_dns64": false,
            "enable_resource_name_dns_a_record_on_launch": false,
            "enable_resource_name_dns_aaaa_record_on_launch": false,
            "id": "subnet-019e46f7316ccc095",
            "ipv6_cidr_block": "",
            "ipv6_cidr_block_association_id": "",
            "ipv6_native": false,
            "map_customer_owned_ip_on_launch": false,
            "map_public_ip_on_launch": false,
            "outpost_arn": "",
            "owner_id": "609291635675",
            "private_dns_hostname_type_on_launch": "ip-name",
            "tags": {
              "Name": "preprod-public-subnet"
            },
            "tags_all": {
              "Name": "preprod-public-subnet",
              "owner": "lucas.campistron@fr.clara.net"
            },
            "timeouts": null,
            "vpc_id": "vpc-0990965a9663c2886"
          },
          "sensitive_attributes": [],
          "private": "eyJlMmJmYjczMC1lY2FhLTExZTYtOGY4OC0zNDM2M2JjN2M0YzAiOnsiY3JlYXRlIjo2MDAwMDAwMDAwMDAsImRlbGV0ZSI6MTIwMDAwMDAwMDAwMH0sInNjaGVtYV92ZXJzaW9uIjoiMSJ9",
          "dependencies": [
            "module.preprod_vpc.aws_vpc.vpc"
          ]
        }
      ]
    },
    {
      "module": "module.preprod_vpc",
      "mode": "managed",
      "type": "aws_vpc",
      "name": "vpc",
      "provider": "provider[\"registry.terraform.io/hashicorp/aws\"]",
      "instances": [
        {
          "schema_version": 1,
          "attributes": {
            "arn": "arn:aws:ec2:eu-west-1:609291635675:vpc/vpc-0990965a9663c2886",
            "assign_generated_ipv6_cidr_block": false,
            "cidr_block": "10.1.0.0/16",
            "default_network_acl_id": "acl-05ca305b9231e0f32",
            "default_route_table_id": "rtb-03777e2997c534f8f",
            "default_security_group_id": "sg-0c1248001a704886c",
            "dhcp_options_id": "dopt-40fed526",
            "enable_classiclink": false,
            "enable_classiclink_dns_support": false,
            "enable_dns_hostnames": false,
            "enable_dns_support": true,
            "id": "vpc-0990965a9663c2886",
            "instance_tenancy": "default",
            "ipv4_ipam_pool_id": null,
            "ipv4_netmask_length": null,
            "ipv6_association_id": "",
            "ipv6_cidr_block": "",
            "ipv6_cidr_block_network_border_group": "",
            "ipv6_ipam_pool_id": "",
            "ipv6_netmask_length": 0,
            "main_route_table_id": "rtb-03777e2997c534f8f",
            "owner_id": "609291635675",
            "tags": {
              "Name": "preprod-vpc"
            },
            "tags_all": {
              "Name": "preprod-vpc",
              "owner": "lucas.campistron@fr.clara.net"
            }
          },
          "sensitive_attributes": [],
          "private": "eyJzY2hlbWFfdmVyc2lvbiI6IjEifQ=="
        }
      ]
    },
    {
      "module": "module.preprod_vpc.module.public_asg",
      "mode": "data",
      "type": "aws_ami",
      "name": "asg_launch_ami",
      "provider": "provider[\"registry.terraform.io/hashicorp/aws\"]",
      "instances": [
        {
          "schema_version": 0,
          "attributes": {
            "architecture": "x86_64",
            "arn": "arn:aws:ec2:eu-west-1::image/ami-0aca9de1791dcec2a",
            "block_device_mappings": [
              {
                "device_name": "/dev/xvda",
                "ebs": {
                  "delete_on_termination": "true",
                  "encrypted": "false",
                  "iops": "0",
                  "snapshot_id": "snap-0a0b47bc13adce6ec",
                  "throughput": "0",
                  "volume_size": "8",
                  "volume_type": "gp2"
                },
                "no_device": "",
                "virtual_name": ""
              }
            ],
            "boot_mode": "",
            "creation_date": "2022-09-11T18:43:45.000Z",
            "deprecation_time": "2024-09-11T18:43:45.000Z",
            "description": "Debian 11 (20220911-1135)",
            "ena_support": true,
            "executable_users": null,
            "filter": [
              {
                "name": "name",
                "values": [
                  "debian-11-amd64-*"
                ]
              }
            ],
            "hypervisor": "xen",
            "id": "ami-0aca9de1791dcec2a",
            "image_id": "ami-0aca9de1791dcec2a",
            "image_location": "amazon/debian-11-amd64-20220911-1135",
            "image_owner_alias": "amazon",
            "image_type": "machine",
            "imds_support": "",
            "include_deprecated": false,
            "kernel_id": "",
            "most_recent": true,
            "name": "debian-11-amd64-20220911-1135",
            "name_regex": null,
            "owner_id": "136693071363",
            "owners": [
              "136693071363"
            ],
            "platform": "",
            "platform_details": "Linux/UNIX",
            "product_codes": [],
            "public": true,
            "ramdisk_id": "",
            "root_device_name": "/dev/xvda",
            "root_device_type": "ebs",
            "root_snapshot_id": "snap-0a0b47bc13adce6ec",
            "sriov_net_support": "simple",
            "state": "available",
            "state_reason": {
              "code": "UNSET",
              "message": "UNSET"
            },
            "tags": {},
            "timeouts": null,
            "tpm_support": "",
            "usage_operation": "RunInstances",
            "virtualization_type": "hvm"
          },
          "sensitive_attributes": []
        }
      ]
    },
    {
      "module": "module.preprod_vpc.module.public_asg",
      "mode": "managed",
      "type": "aws_autoscaling_group",
      "name": "asg",
      "provider": "provider[\"registry.terraform.io/hashicorp/aws\"]",
      "instances": [
        {
          "index_key": 0,
          "schema_version": 0,
          "attributes": {
            "arn": "arn:aws:autoscaling:eu-west-1:609291635675:autoScalingGroup:568355e1-d07f-46dd-abcc-99eb56f6903e:autoScalingGroupName/preprod-vpc-public-asg",
            "availability_zones": [
              "eu-west-1b"
            ],
            "capacity_rebalance": false,
            "context": "",
            "default_cooldown": 300,
            "default_instance_warmup": 0,
            "desired_capacity": 1,
            "enabled_metrics": [],
            "force_delete": false,
            "force_delete_warm_pool": false,
            "health_check_grace_period": 300,
            "health_check_type": "EC2",
            "id": "preprod-vpc-public-asg",
            "initial_lifecycle_hook": [],
            "instance_refresh": [],
            "launch_configuration": "",
            "launch_template": [
              {
                "id": "lt-0b5b97660af871d70",
                "name": "preprod-vpc-public-launch-template",
                "version": "$Latest"
              }
            ],
            "load_balancers": [],
            "max_instance_lifetime": 0,
            "max_size": 1,
            "metrics_granularity": "1Minute",
            "min_elb_capacity": null,
            "min_size": 1,
            "mixed_instances_policy": [],
            "name": "preprod-vpc-public-asg",
            "name_prefix": "",
            "placement_group": "",
            "protect_from_scale_in": false,
            "service_linked_role_arn": "arn:aws:iam::609291635675:role/aws-service-role/autoscaling.amazonaws.com/AWSServiceRoleForAutoScaling",
            "suspended_processes": [],
            "tag": [],
            "tags": null,
            "target_group_arns": [],
            "termination_policies": [],
            "timeouts": null,
            "vpc_zone_identifier": [
              "subnet-019e46f7316ccc095"
            ],
            "wait_for_capacity_timeout": "10m",
            "wait_for_elb_capacity": null,
            "warm_pool": []
          },
          "sensitive_attributes": [],
          "private": "eyJlMmJmYjczMC1lY2FhLTExZTYtOGY4OC0zNDM2M2JjN2M0YzAiOnsiZGVsZXRlIjo2MDAwMDAwMDAwMDAsInVwZGF0ZSI6NjAwMDAwMDAwMDAwfX0=",
          "dependencies": [
            "aws_iam_instance_profile.iam_main_profil",
            "aws_iam_role.main_role",
            "aws_key_pair.main_key_pair",
            "module.preprod_vpc.aws_security_group.main_sg",
            "module.preprod_vpc.aws_subnet.public_subnet",
            "module.preprod_vpc.aws_vpc.vpc",
            "module.preprod_vpc.module.public_asg.aws_launch_template.asg_launch_template",
            "module.preprod_vpc.module.public_asg.data.aws_ami.asg_launch_ami",
            "tls_private_key.key_generated"
          ]
        }
      ]
    },
    {
      "module": "module.preprod_vpc.module.public_asg",
      "mode": "managed",
      "type": "aws_launch_template",
      "name": "asg_launch_template",
      "provider": "provider[\"registry.terraform.io/hashicorp/aws\"]",
      "instances": [
        {
          "index_key": 0,
          "schema_version": 0,
          "attributes": {
            "arn": "arn:aws:ec2:eu-west-1:609291635675:launch-template/lt-0b5b97660af871d70",
            "block_device_mappings": [],
            "capacity_reservation_specification": [],
            "cpu_options": [],
            "credit_specification": [],
            "default_version": 1,
            "description": "",
            "disable_api_stop": false,
            "disable_api_termination": false,
            "ebs_optimized": "",
            "elastic_gpu_specifications": [],
            "elastic_inference_accelerator": [],
            "enclave_options": [],
            "hibernation_options": [],
            "iam_instance_profile": [
              {
                "arn": "",
                "name": "main_iam_profil"
              }
            ],
            "id": "lt-0b5b97660af871d70",
            "image_id": "ami-0aca9de1791dcec2a",
            "instance_initiated_shutdown_behavior": "",
            "instance_market_options": [
              {
                "market_type": "spot",
                "spot_options": []
              }
            ],
            "instance_requirements": [],
            "instance_type": "t3.micro",
            "kernel_id": "",
            "key_name": "lucas_iaas_key_pair",
            "latest_version": 1,
            "license_specification": [],
            "maintenance_options": [],
            "metadata_options": [],
            "monitoring": [],
            "name": "preprod-vpc-public-launch-template",
            "name_prefix": "",
            "network_interfaces": [
              {
                "associate_carrier_ip_address": "",
                "associate_public_ip_address": "true",
                "delete_on_termination": "",
                "description": "",
                "device_index": 0,
                "interface_type": "",
                "ipv4_address_count": 0,
                "ipv4_addresses": [],
                "ipv4_prefix_count": 0,
                "ipv4_prefixes": [],
                "ipv6_address_count": 0,
                "ipv6_addresses": [],
                "ipv6_prefix_count": 0,
                "ipv6_prefixes": [],
                "network_card_index": 0,
                "network_interface_id": "",
                "private_ip_address": "",
                "security_groups": [
                  "sg-0ac02b2841733fd5a"
                ],
                "subnet_id": "subnet-019e46f7316ccc095"
              }
            ],
            "placement": [],
            "private_dns_name_options": [],
            "ram_disk_id": "",
            "security_group_names": [],
            "tag_specifications": [],
            "tags": {},
            "tags_all": {
              "owner": "lucas.campistron@fr.clara.net"
            },
            "update_default_version": null,
            "user_data": "",
            "vpc_security_group_ids": []
          },
          "sensitive_attributes": [],
          "private": "bnVsbA==",
          "dependencies": [
            "aws_iam_instance_profile.iam_main_profil",
            "aws_iam_role.main_role",
            "aws_key_pair.main_key_pair",
            "module.preprod_vpc.aws_security_group.main_sg",
            "module.preprod_vpc.aws_subnet.public_subnet",
            "module.preprod_vpc.aws_vpc.vpc",
            "module.preprod_vpc.module.public_asg.data.aws_ami.asg_launch_ami",
            "tls_private_key.key_generated"
          ]
        }
      ]
    },
    {
      "module": "module.support_vpc",
      "mode": "managed",
      "type": "aws_internet_gateway",
      "name": "vpc_ig",
      "provider": "provider[\"registry.terraform.io/hashicorp/aws\"]",
      "instances": [
        {
          "schema_version": 0,
          "attributes": {
            "arn": "arn:aws:ec2:eu-west-1:609291635675:internet-gateway/igw-0951170c0f0abe081",
            "id": "igw-0951170c0f0abe081",
            "owner_id": "609291635675",
            "tags": {
              "Name": "support-vpc-internet-gateway"
            },
            "tags_all": {
              "Name": "support-vpc-internet-gateway",
              "owner": "lucas.campistron@fr.clara.net"
            },
            "timeouts": null,
            "vpc_id": "vpc-08e15d10d160a036b"
          },
          "sensitive_attributes": [],
          "private": "eyJlMmJmYjczMC1lY2FhLTExZTYtOGY4OC0zNDM2M2JjN2M0YzAiOnsiY3JlYXRlIjoxMjAwMDAwMDAwMDAwLCJkZWxldGUiOjEyMDAwMDAwMDAwMDAsInVwZGF0ZSI6MTIwMDAwMDAwMDAwMH19",
          "dependencies": [
            "module.support_vpc.aws_vpc.vpc"
          ]
        }
      ]
    },
    {
      "module": "module.support_vpc",
      "mode": "managed",
      "type": "aws_main_route_table_association",
      "name": "main_route_association",
      "provider": "provider[\"registry.terraform.io/hashicorp/aws\"]",
      "instances": [
        {
          "schema_version": 0,
          "attributes": {
            "id": "rtbassoc-098114fb317d96034",
            "original_route_table_id": "rtb-07218718abf2f066e",
            "route_table_id": "rtb-0e92f3b6449c6fe58",
            "vpc_id": "vpc-08e15d10d160a036b"
          },
          "sensitive_attributes": [],
          "private": "bnVsbA==",
          "dependencies": [
            "module.support_vpc.aws_route_table.vpc_public_route_table",
            "module.support_vpc.aws_vpc.vpc"
          ]
        }
      ]
    },
    {
      "module": "module.support_vpc",
      "mode": "managed",
      "type": "aws_route",
      "name": "peering_route",
      "provider": "provider[\"registry.terraform.io/hashicorp/aws\"]",
      "instances": [
        {
          "schema_version": 0,
          "attributes": {
            "carrier_gateway_id": "",
            "core_network_arn": "",
            "destination_cidr_block": "10.1.0.0/16",
            "destination_ipv6_cidr_block": "",
            "destination_prefix_list_id": "",
            "egress_only_gateway_id": "",
            "gateway_id": "",
            "id": "r-rtb-0e92f3b6449c6fe583322942084",
            "instance_id": "",
            "instance_owner_id": "",
            "local_gateway_id": "",
            "nat_gateway_id": "",
            "network_interface_id": "",
            "origin": "CreateRoute",
            "route_table_id": "rtb-0e92f3b6449c6fe58",
            "state": "active",
            "timeouts": null,
            "transit_gateway_id": "",
            "vpc_endpoint_id": "",
            "vpc_peering_connection_id": "pcx-00b6c3164f9e127cd"
          },
          "sensitive_attributes": [],
          "private": "eyJlMmJmYjczMC1lY2FhLTExZTYtOGY4OC0zNDM2M2JjN2M0YzAiOnsiY3JlYXRlIjozMDAwMDAwMDAwMDAsImRlbGV0ZSI6MzAwMDAwMDAwMDAwLCJ1cGRhdGUiOjEyMDAwMDAwMDAwMH19",
          "dependencies": [
            "aws_vpc_peering_connection.support_preprod_vpc_peering",
            "module.preprod_vpc.aws_vpc.vpc",
            "module.support_vpc.aws_route_table.vpc_public_route_table",
            "module.support_vpc.aws_vpc.vpc"
          ]
        }
      ]
    },
    {
      "module": "module.support_vpc",
      "mode": "managed",
      "type": "aws_route",
      "name": "public_route",
      "provider": "provider[\"registry.terraform.io/hashicorp/aws\"]",
      "instances": [
        {
          "schema_version": 0,
          "attributes": {
            "carrier_gateway_id": "",
            "core_network_arn": "",
            "destination_cidr_block": "0.0.0.0/0",
            "destination_ipv6_cidr_block": "",
            "destination_prefix_list_id": "",
            "egress_only_gateway_id": "",
            "gateway_id": "igw-0951170c0f0abe081",
            "id": "r-rtb-0e92f3b6449c6fe581080289494",
            "instance_id": "",
            "instance_owner_id": "",
            "local_gateway_id": "",
            "nat_gateway_id": "",
            "network_interface_id": "",
            "origin": "CreateRoute",
            "route_table_id": "rtb-0e92f3b6449c6fe58",
            "state": "active",
            "timeouts": null,
            "transit_gateway_id": "",
            "vpc_endpoint_id": "",
            "vpc_peering_connection_id": ""
          },
          "sensitive_attributes": [],
          "private": "eyJlMmJmYjczMC1lY2FhLTExZTYtOGY4OC0zNDM2M2JjN2M0YzAiOnsiY3JlYXRlIjozMDAwMDAwMDAwMDAsImRlbGV0ZSI6MzAwMDAwMDAwMDAwLCJ1cGRhdGUiOjEyMDAwMDAwMDAwMH19",
          "dependencies": [
            "module.support_vpc.aws_internet_gateway.vpc_ig",
            "module.support_vpc.aws_route_table.vpc_public_route_table",
            "module.support_vpc.aws_vpc.vpc"
          ]
        }
      ]
    },
    {
      "module": "module.support_vpc",
      "mode": "managed",
      "type": "aws_route53_zone",
      "name": "private_dns_zone",
      "provider": "provider[\"registry.terraform.io/hashicorp/aws\"]",
      "instances": [
        {
          "schema_version": 0,
          "attributes": {
            "arn": "arn:aws:route53:::hostedzone/Z07161003BRXWNA0MTRJZ",
            "comment": "Managed by Terraform",
            "delegation_set_id": "",
            "force_destroy": false,
            "id": "Z07161003BRXWNA0MTRJZ",
            "name": "support-vpc-lucas.com",
            "name_servers": [
              "ns-0.awsdns-00.com.",
              "ns-1024.awsdns-00.org.",
              "ns-1536.awsdns-00.co.uk.",
              "ns-512.awsdns-00.net."
            ],
            "tags": {},
            "tags_all": {
              "owner": "lucas.campistron@fr.clara.net"
            },
            "vpc": [
              {
                "vpc_id": "vpc-08e15d10d160a036b",
                "vpc_region": "eu-west-1"
              }
            ],
            "zone_id": "Z07161003BRXWNA0MTRJZ"
          },
          "sensitive_attributes": [],
          "private": "bnVsbA==",
          "dependencies": [
            "module.support_vpc.aws_vpc.vpc"
          ]
        }
      ]
    },
    {
      "module": "module.support_vpc",
      "mode": "managed",
      "type": "aws_route_table",
      "name": "vpc_public_route_table",
      "provider": "provider[\"registry.terraform.io/hashicorp/aws\"]",
      "instances": [
        {
          "schema_version": 0,
          "attributes": {
            "arn": "arn:aws:ec2:eu-west-1:609291635675:route-table/rtb-0e92f3b6449c6fe58",
            "id": "rtb-0e92f3b6449c6fe58",
            "owner_id": "609291635675",
            "propagating_vgws": [],
            "route": [
              {
                "carrier_gateway_id": "",
                "cidr_block": "0.0.0.0/0",
                "core_network_arn": "",
                "destination_prefix_list_id": "",
                "egress_only_gateway_id": "",
                "gateway_id": "igw-0951170c0f0abe081",
                "instance_id": "",
                "ipv6_cidr_block": "",
                "local_gateway_id": "",
                "nat_gateway_id": "",
                "network_interface_id": "",
                "transit_gateway_id": "",
                "vpc_endpoint_id": "",
                "vpc_peering_connection_id": ""
              },
              {
                "carrier_gateway_id": "",
                "cidr_block": "10.1.0.0/16",
                "core_network_arn": "",
                "destination_prefix_list_id": "",
                "egress_only_gateway_id": "",
                "gateway_id": "",
                "instance_id": "",
                "ipv6_cidr_block": "",
                "local_gateway_id": "",
                "nat_gateway_id": "",
                "network_interface_id": "",
                "transit_gateway_id": "",
                "vpc_endpoint_id": "",
                "vpc_peering_connection_id": "pcx-0b8b736dba90c9db5"
              }
            ],
            "tags": {
              "Name": "support-public-route-table"
            },
            "tags_all": {
              "Name": "support-public-route-table",
              "owner": "lucas.campistron@fr.clara.net"
            },
            "timeouts": null,
            "vpc_id": "vpc-08e15d10d160a036b"
          },
          "sensitive_attributes": [],
          "private": "eyJlMmJmYjczMC1lY2FhLTExZTYtOGY4OC0zNDM2M2JjN2M0YzAiOnsiY3JlYXRlIjozMDAwMDAwMDAwMDAsImRlbGV0ZSI6MzAwMDAwMDAwMDAwLCJ1cGRhdGUiOjEyMDAwMDAwMDAwMH19",
          "dependencies": [
            "module.support_vpc.aws_vpc.vpc"
          ]
        }
      ]
    },
    {
      "module": "module.support_vpc",
      "mode": "managed",
      "type": "aws_security_group",
      "name": "main_sg",
      "provider": "provider[\"registry.terraform.io/hashicorp/aws\"]",
      "instances": [
        {
          "schema_version": 1,
          "attributes": {
            "arn": "arn:aws:ec2:eu-west-1:609291635675:security-group/sg-06a35ca0e9a78cd91",
            "description": "Managed by Terraform",
            "egress": [
              {
                "cidr_blocks": [
                  "0.0.0.0/0"
                ],
                "description": "",
                "from_port": 0,
                "ipv6_cidr_blocks": [
                  "::/0"
                ],
                "prefix_list_ids": [],
                "protocol": "-1",
                "security_groups": [],
                "self": false,
                "to_port": 0
              }
            ],
            "id": "sg-06a35ca0e9a78cd91",
            "ingress": [
              {
                "cidr_blocks": [
                  "0.0.0.0/0"
                ],
                "description": "",
                "from_port": 22,
                "ipv6_cidr_blocks": [
                  "::/0"
                ],
                "prefix_list_ids": [],
                "protocol": "tcp",
                "security_groups": [],
                "self": false,
                "to_port": 22
              }
            ],
            "name": "support_main_sg",
            "name_prefix": "",
            "owner_id": "609291635675",
            "revoke_rules_on_delete": false,
            "tags": {},
            "tags_all": {
              "owner": "lucas.campistron@fr.clara.net"
            },
            "timeouts": null,
            "vpc_id": "vpc-08e15d10d160a036b"
          },
          "sensitive_attributes": [],
          "private": "eyJlMmJmYjczMC1lY2FhLTExZTYtOGY4OC0zNDM2M2JjN2M0YzAiOnsiY3JlYXRlIjo2MDAwMDAwMDAwMDAsImRlbGV0ZSI6OTAwMDAwMDAwMDAwfSwic2NoZW1hX3ZlcnNpb24iOiIxIn0=",
          "dependencies": [
            "module.support_vpc.aws_vpc.vpc"
          ]
        }
      ]
    },
    {
      "module": "module.support_vpc",
      "mode": "managed",
      "type": "aws_subnet",
      "name": "public_subnet",
      "provider": "provider[\"registry.terraform.io/hashicorp/aws\"]",
      "instances": [
        {
          "index_key": 0,
          "schema_version": 1,
          "attributes": {
            "arn": "arn:aws:ec2:eu-west-1:609291635675:subnet/subnet-0ed9899e28668727c",
            "assign_ipv6_address_on_creation": false,
            "availability_zone": "eu-west-1b",
            "availability_zone_id": "euw1-az3",
            "cidr_block": "172.31.1.0/24",
            "customer_owned_ipv4_pool": "",
            "enable_dns64": false,
            "enable_resource_name_dns_a_record_on_launch": false,
            "enable_resource_name_dns_aaaa_record_on_launch": false,
            "id": "subnet-0ed9899e28668727c",
            "ipv6_cidr_block": "",
            "ipv6_cidr_block_association_id": "",
            "ipv6_native": false,
            "map_customer_owned_ip_on_launch": false,
            "map_public_ip_on_launch": false,
            "outpost_arn": "",
            "owner_id": "609291635675",
            "private_dns_hostname_type_on_launch": "ip-name",
            "tags": {
              "Name": "support-public-subnet"
            },
            "tags_all": {
              "Name": "support-public-subnet",
              "owner": "lucas.campistron@fr.clara.net"
            },
            "timeouts": null,
            "vpc_id": "vpc-08e15d10d160a036b"
          },
          "sensitive_attributes": [],
          "private": "eyJlMmJmYjczMC1lY2FhLTExZTYtOGY4OC0zNDM2M2JjN2M0YzAiOnsiY3JlYXRlIjo2MDAwMDAwMDAwMDAsImRlbGV0ZSI6MTIwMDAwMDAwMDAwMH0sInNjaGVtYV92ZXJzaW9uIjoiMSJ9",
          "dependencies": [
            "module.support_vpc.aws_vpc.vpc"
          ]
        }
      ]
    },
    {
      "module": "module.support_vpc",
      "mode": "managed",
      "type": "aws_vpc",
      "name": "vpc",
      "provider": "provider[\"registry.terraform.io/hashicorp/aws\"]",
      "instances": [
        {
          "schema_version": 1,
          "attributes": {
            "arn": "arn:aws:ec2:eu-west-1:609291635675:vpc/vpc-08e15d10d160a036b",
            "assign_generated_ipv6_cidr_block": false,
            "cidr_block": "172.31.0.0/16",
            "default_network_acl_id": "acl-00a12017d7afb5373",
            "default_route_table_id": "rtb-0e92f3b6449c6fe58",
            "default_security_group_id": "sg-00250c52597b1cbf9",
            "dhcp_options_id": "dopt-40fed526",
            "enable_classiclink": false,
            "enable_classiclink_dns_support": false,
            "enable_dns_hostnames": false,
            "enable_dns_support": true,
            "id": "vpc-08e15d10d160a036b",
            "instance_tenancy": "default",
            "ipv4_ipam_pool_id": null,
            "ipv4_netmask_length": null,
            "ipv6_association_id": "",
            "ipv6_cidr_block": "",
            "ipv6_cidr_block_network_border_group": "",
            "ipv6_ipam_pool_id": "",
            "ipv6_netmask_length": 0,
            "main_route_table_id": "rtb-0e92f3b6449c6fe58",
            "owner_id": "609291635675",
            "tags": {
              "Name": "support-vpc"
            },
            "tags_all": {
              "Name": "support-vpc",
              "owner": "lucas.campistron@fr.clara.net"
            }
          },
          "sensitive_attributes": [],
          "private": "eyJzY2hlbWFfdmVyc2lvbiI6IjEifQ=="
        }
      ]
    },
    {
      "module": "module.support_vpc.module.public_asg",
      "mode": "data",
      "type": "aws_ami",
      "name": "asg_launch_ami",
      "provider": "provider[\"registry.terraform.io/hashicorp/aws\"]",
      "instances": [
        {
          "schema_version": 0,
          "attributes": {
            "architecture": "x86_64",
            "arn": "arn:aws:ec2:eu-west-1::image/ami-0aca9de1791dcec2a",
            "block_device_mappings": [
              {
                "device_name": "/dev/xvda",
                "ebs": {
                  "delete_on_termination": "true",
                  "encrypted": "false",
                  "iops": "0",
                  "snapshot_id": "snap-0a0b47bc13adce6ec",
                  "throughput": "0",
                  "volume_size": "8",
                  "volume_type": "gp2"
                },
                "no_device": "",
                "virtual_name": ""
              }
            ],
            "boot_mode": "",
            "creation_date": "2022-09-11T18:43:45.000Z",
            "deprecation_time": "2024-09-11T18:43:45.000Z",
            "description": "Debian 11 (20220911-1135)",
            "ena_support": true,
            "executable_users": null,
            "filter": [
              {
                "name": "name",
                "values": [
                  "debian-11-amd64-*"
                ]
              }
            ],
            "hypervisor": "xen",
            "id": "ami-0aca9de1791dcec2a",
            "image_id": "ami-0aca9de1791dcec2a",
            "image_location": "amazon/debian-11-amd64-20220911-1135",
            "image_owner_alias": "amazon",
            "image_type": "machine",
            "imds_support": "",
            "include_deprecated": false,
            "kernel_id": "",
            "most_recent": true,
            "name": "debian-11-amd64-20220911-1135",
            "name_regex": null,
            "owner_id": "136693071363",
            "owners": [
              "136693071363"
            ],
            "platform": "",
            "platform_details": "Linux/UNIX",
            "product_codes": [],
            "public": true,
            "ramdisk_id": "",
            "root_device_name": "/dev/xvda",
            "root_device_type": "ebs",
            "root_snapshot_id": "snap-0a0b47bc13adce6ec",
            "sriov_net_support": "simple",
            "state": "available",
            "state_reason": {
              "code": "UNSET",
              "message": "UNSET"
            },
            "tags": {},
            "timeouts": null,
            "tpm_support": "",
            "usage_operation": "RunInstances",
            "virtualization_type": "hvm"
          },
          "sensitive_attributes": []
        }
      ]
    },
    {
      "module": "module.support_vpc.module.public_asg",
      "mode": "managed",
      "type": "aws_autoscaling_group",
      "name": "asg",
      "provider": "provider[\"registry.terraform.io/hashicorp/aws\"]",
      "instances": [
        {
          "index_key": 0,
          "schema_version": 0,
          "attributes": {
            "arn": "arn:aws:autoscaling:eu-west-1:609291635675:autoScalingGroup:2392ecf0-1861-4778-a8d7-4d2d683eb73a:autoScalingGroupName/support-vpc-public-asg",
            "availability_zones": [
              "eu-west-1b"
            ],
            "capacity_rebalance": false,
            "context": "",
            "default_cooldown": 300,
            "default_instance_warmup": 0,
            "desired_capacity": 1,
            "enabled_metrics": [],
            "force_delete": false,
            "force_delete_warm_pool": false,
            "health_check_grace_period": 300,
            "health_check_type": "EC2",
            "id": "support-vpc-public-asg",
            "initial_lifecycle_hook": [],
            "instance_refresh": [],
            "launch_configuration": "",
            "launch_template": [
              {
                "id": "lt-082220c45a692885c",
                "name": "support-vpc-public-launch-template",
                "version": "$Latest"
              }
            ],
            "load_balancers": [],
            "max_instance_lifetime": 0,
            "max_size": 1,
            "metrics_granularity": "1Minute",
            "min_elb_capacity": null,
            "min_size": 1,
            "mixed_instances_policy": [],
            "name": "support-vpc-public-asg",
            "name_prefix": "",
            "placement_group": "",
            "protect_from_scale_in": false,
            "service_linked_role_arn": "arn:aws:iam::609291635675:role/aws-service-role/autoscaling.amazonaws.com/AWSServiceRoleForAutoScaling",
            "suspended_processes": [],
            "tag": [],
            "tags": null,
            "target_group_arns": [],
            "termination_policies": [],
            "timeouts": null,
            "vpc_zone_identifier": [
              "subnet-0ed9899e28668727c"
            ],
            "wait_for_capacity_timeout": "10m",
            "wait_for_elb_capacity": null,
            "warm_pool": []
          },
          "sensitive_attributes": [],
          "private": "eyJlMmJmYjczMC1lY2FhLTExZTYtOGY4OC0zNDM2M2JjN2M0YzAiOnsiZGVsZXRlIjo2MDAwMDAwMDAwMDAsInVwZGF0ZSI6NjAwMDAwMDAwMDAwfX0=",
          "dependencies": [
            "aws_iam_instance_profile.iam_main_profil",
            "aws_iam_role.main_role",
            "aws_key_pair.main_key_pair",
            "module.support_vpc.aws_security_group.main_sg",
            "module.support_vpc.aws_subnet.public_subnet",
            "module.support_vpc.aws_vpc.vpc",
            "module.support_vpc.module.public_asg.aws_launch_template.asg_launch_template",
            "module.support_vpc.module.public_asg.data.aws_ami.asg_launch_ami",
            "tls_private_key.key_generated"
          ]
        }
      ]
    },
    {
      "module": "module.support_vpc.module.public_asg",
      "mode": "managed",
      "type": "aws_launch_template",
      "name": "asg_launch_template",
      "provider": "provider[\"registry.terraform.io/hashicorp/aws\"]",
      "instances": [
        {
          "index_key": 0,
          "schema_version": 0,
          "attributes": {
            "arn": "arn:aws:ec2:eu-west-1:609291635675:launch-template/lt-082220c45a692885c",
            "block_device_mappings": [],
            "capacity_reservation_specification": [],
            "cpu_options": [],
            "credit_specification": [],
            "default_version": 1,
            "description": "",
            "disable_api_stop": false,
            "disable_api_termination": false,
            "ebs_optimized": "",
            "elastic_gpu_specifications": [],
            "elastic_inference_accelerator": [],
            "enclave_options": [],
            "hibernation_options": [],
            "iam_instance_profile": [
              {
                "arn": "",
                "name": "main_iam_profil"
              }
            ],
            "id": "lt-082220c45a692885c",
            "image_id": "ami-0aca9de1791dcec2a",
            "instance_initiated_shutdown_behavior": "",
            "instance_market_options": [
              {
                "market_type": "spot",
                "spot_options": []
              }
            ],
            "instance_requirements": [],
            "instance_type": "t3.micro",
            "kernel_id": "",
            "key_name": "lucas_iaas_key_pair",
            "latest_version": 1,
            "license_specification": [],
            "maintenance_options": [],
            "metadata_options": [],
            "monitoring": [],
            "name": "support-vpc-public-launch-template",
            "name_prefix": "",
            "network_interfaces": [
              {
                "associate_carrier_ip_address": "",
                "associate_public_ip_address": "true",
                "delete_on_termination": "",
                "description": "",
                "device_index": 0,
                "interface_type": "",
                "ipv4_address_count": 0,
                "ipv4_addresses": [],
                "ipv4_prefix_count": 0,
                "ipv4_prefixes": [],
                "ipv6_address_count": 0,
                "ipv6_addresses": [],
                "ipv6_prefix_count": 0,
                "ipv6_prefixes": [],
                "network_card_index": 0,
                "network_interface_id": "",
                "private_ip_address": "",
                "security_groups": [
                  "sg-06a35ca0e9a78cd91"
                ],
                "subnet_id": "subnet-0ed9899e28668727c"
              }
            ],
            "placement": [],
            "private_dns_name_options": [],
            "ram_disk_id": "",
            "security_group_names": [],
            "tag_specifications": [],
            "tags": {},
            "tags_all": {
              "owner": "lucas.campistron@fr.clara.net"
            },
            "update_default_version": null,
            "user_data": "",
            "vpc_security_group_ids": []
          },
          "sensitive_attributes": [],
          "private": "bnVsbA==",
          "dependencies": [
            "aws_iam_instance_profile.iam_main_profil",
            "aws_iam_role.main_role",
            "aws_key_pair.main_key_pair",
            "module.support_vpc.aws_security_group.main_sg",
            "module.support_vpc.aws_subnet.public_subnet",
            "module.support_vpc.aws_vpc.vpc",
            "module.support_vpc.module.public_asg.data.aws_ami.asg_launch_ami",
            "tls_private_key.key_generated"
          ]
        }
      ]
    }
  ]
}
